// !$*UTF8*$!
{
	archiveVersion = 1;
	classes = {
	};
	objectVersion = 46;
	objects = {

/* Begin PBXBuildFile section */
		3030E31C1D7E061400647CFA /* BBQMapViewController.swift in Sources */ = {isa = PBXBuildFile; fileRef = 3030E31B1D7E061400647CFA /* BBQMapViewController.swift */; };
		3030E31E1D7E070200647CFA /* MapKit.framework in Frameworks */ = {isa = PBXBuildFile; fileRef = 3030E31D1D7E070200647CFA /* MapKit.framework */; };
		3030E3201D7E078200647CFA /* BBQMapView.swift in Sources */ = {isa = PBXBuildFile; fileRef = 3030E31F1D7E078200647CFA /* BBQMapView.swift */; };
		3030E3241D7E6EDF00647CFA /* BBQMapInteractor.swift in Sources */ = {isa = PBXBuildFile; fileRef = 3030E3231D7E6EDF00647CFA /* BBQMapInteractor.swift */; };
		3030E3261D7E717300647CFA /* BBQMapPresenter.swift in Sources */ = {isa = PBXBuildFile; fileRef = 3030E3251D7E717300647CFA /* BBQMapPresenter.swift */; };
		305035381D938971002B7D1F /* AreaViewCell.xib in Resources */ = {isa = PBXBuildFile; fileRef = 305035371D938971002B7D1F /* AreaViewCell.xib */; };
		3050353A1D9389E4002B7D1F /* AreaTableViewCell.swift in Sources */ = {isa = PBXBuildFile; fileRef = 305035391D9389E4002B7D1F /* AreaTableViewCell.swift */; };
		3050353C1D93E974002B7D1F /* UILabel+CharacterSpacing.swift in Sources */ = {isa = PBXBuildFile; fileRef = 3050353B1D93E974002B7D1F /* UILabel+CharacterSpacing.swift */; };
		305035461D948688002B7D1F /* AreasTableViewBackground.xib in Resources */ = {isa = PBXBuildFile; fileRef = 305035451D948688002B7D1F /* AreasTableViewBackground.xib */; };
		3050354F1D949A91002B7D1F /* BBQMapViewController.xib in Resources */ = {isa = PBXBuildFile; fileRef = 3050354D1D949A91002B7D1F /* BBQMapViewController.xib */; };
		3070C9681D8A4F0C00A033A6 /* UserLocation.swift in Sources */ = {isa = PBXBuildFile; fileRef = 3070C9671D8A4F0C00A033A6 /* UserLocation.swift */; };
		3070C96A1D8A5A1D00A033A6 /* LocationAddress.swift in Sources */ = {isa = PBXBuildFile; fileRef = 3070C9691D8A5A1D00A033A6 /* LocationAddress.swift */; };
		3070C96E1D8B491B00A033A6 /* AppleMapsApp.swift in Sources */ = {isa = PBXBuildFile; fileRef = 3070C96D1D8B491B00A033A6 /* AppleMapsApp.swift */; };
		30C716E31D6C7E9F0085FFBD /* AppDelegate.swift in Sources */ = {isa = PBXBuildFile; fileRef = 30C716E21D6C7E9F0085FFBD /* AppDelegate.swift */; };
		30C716E81D6C7E9F0085FFBD /* Main.storyboard in Resources */ = {isa = PBXBuildFile; fileRef = 30C716E61D6C7E9F0085FFBD /* Main.storyboard */; };
		30C716EA1D6C7E9F0085FFBD /* Assets.xcassets in Resources */ = {isa = PBXBuildFile; fileRef = 30C716E91D6C7E9F0085FFBD /* Assets.xcassets */; };
		30C716ED1D6C7E9F0085FFBD /* LaunchScreen.storyboard in Resources */ = {isa = PBXBuildFile; fileRef = 30C716EB1D6C7E9F0085FFBD /* LaunchScreen.storyboard */; };
		30C716F81D6C7E9F0085FFBD /* bbqFinderTests.swift in Sources */ = {isa = PBXBuildFile; fileRef = 30C716F71D6C7E9F0085FFBD /* bbqFinderTests.swift */; };
		30C717041D6C7F090085FFBD /* ViewControllerFactory.swift in Sources */ = {isa = PBXBuildFile; fileRef = 30C717031D6C7F090085FFBD /* ViewControllerFactory.swift */; };
		30C717081D6C7F270085FFBD /* Router.swift in Sources */ = {isa = PBXBuildFile; fileRef = 30C717071D6C7F270085FFBD /* Router.swift */; };
		30C7170A1D6C7FE50085FFBD /* AreasViewController.swift in Sources */ = {isa = PBXBuildFile; fileRef = 30C717091D6C7FE50085FFBD /* AreasViewController.swift */; };
		30C7170D1D6C84CF0085FFBD /* TableViewDataSource.swift in Sources */ = {isa = PBXBuildFile; fileRef = 30C7170C1D6C84CF0085FFBD /* TableViewDataSource.swift */; };
		30C7170F1D6C852B0085FFBD /* Array+Safe.swift in Sources */ = {isa = PBXBuildFile; fileRef = 30C7170E1D6C852B0085FFBD /* Array+Safe.swift */; };
		30C717121D6C868E0085FFBD /* AreasPresenter.swift in Sources */ = {isa = PBXBuildFile; fileRef = 30C717111D6C868E0085FFBD /* AreasPresenter.swift */; };
		30C717141D6C89250085FFBD /* AreasInteractor.swift in Sources */ = {isa = PBXBuildFile; fileRef = 30C717131D6C89250085FFBD /* AreasInteractor.swift */; };
		30D7EBEF1D7E9ACD007C2884 /* BBQs.swift in Sources */ = {isa = PBXBuildFile; fileRef = 30D7EBEE1D7E9ACD007C2884 /* BBQs.swift */; };
		30D7EBF21D7F4D97007C2884 /* MelbournBBQs.swift in Sources */ = {isa = PBXBuildFile; fileRef = 30D7EBF11D7F4D97007C2884 /* MelbournBBQs.swift */; };
		30D7EBF61D7F5329007C2884 /* UserLocationStatus.swift in Sources */ = {isa = PBXBuildFile; fileRef = 30D7EBF51D7F5329007C2884 /* UserLocationStatus.swift */; };
		30D7EBF81D7F5353007C2884 /* CoreLocation.framework in Frameworks */ = {isa = PBXBuildFile; fileRef = 30D7EBF71D7F5353007C2884 /* CoreLocation.framework */; };
		30D7EBFE1D7F70E8007C2884 /* Alerter.swift in Sources */ = {isa = PBXBuildFile; fileRef = 30D7EBFD1D7F70E8007C2884 /* Alerter.swift */; };
		30D7EC001D7F859C007C2884 /* CLLocationCoordinate2D+Default.swift in Sources */ = {isa = PBXBuildFile; fileRef = 30D7EBFF1D7F859C007C2884 /* CLLocationCoordinate2D+Default.swift */; };
		30D7EC051D80B0D5007C2884 /* BBQDetailsTableViewController.swift in Sources */ = {isa = PBXBuildFile; fileRef = 30D7EC041D80B0D5007C2884 /* BBQDetailsTableViewController.swift */; };
		30D7EC071D80B14F007C2884 /* BBQDetailsInteractor.swift in Sources */ = {isa = PBXBuildFile; fileRef = 30D7EC061D80B14F007C2884 /* BBQDetailsInteractor.swift */; };
		30D7EC091D80B167007C2884 /* BBQDetailsPresenter.swift in Sources */ = {isa = PBXBuildFile; fileRef = 30D7EC081D80B167007C2884 /* BBQDetailsPresenter.swift */; };
		30D7EC0E1D8111C9007C2884 /* BBQDetailsDistanceViewCell.swift in Sources */ = {isa = PBXBuildFile; fileRef = 30D7EC0D1D8111C9007C2884 /* BBQDetailsDistanceViewCell.swift */; };
		30D7EC101D81152E007C2884 /* BBQDetailsDirectionViewCell.swift in Sources */ = {isa = PBXBuildFile; fileRef = 30D7EC0F1D81152E007C2884 /* BBQDetailsDirectionViewCell.swift */; };
		30D7EC121D811596007C2884 /* BBQDetailsAmmenitiesViewCell.swift in Sources */ = {isa = PBXBuildFile; fileRef = 30D7EC111D811596007C2884 /* BBQDetailsAmmenitiesViewCell.swift */; };
		30D7EC141D8115CC007C2884 /* BBQDetailsAddressViewCell.swift in Sources */ = {isa = PBXBuildFile; fileRef = 30D7EC131D8115CC007C2884 /* BBQDetailsAddressViewCell.swift */; };
		30D7EC161D811681007C2884 /* BBQDetailsMapViewCell.swift in Sources */ = {isa = PBXBuildFile; fileRef = 30D7EC151D811681007C2884 /* BBQDetailsMapViewCell.swift */; };
		30E59F081D921ED9008643B5 /* AreasAcceptanceTests.swift in Sources */ = {isa = PBXBuildFile; fileRef = 30E59F071D921ED9008643B5 /* AreasAcceptanceTests.swift */; };
		30E59F0A1D922772008643B5 /* Wireframe.swift in Sources */ = {isa = PBXBuildFile; fileRef = 30E59F091D922772008643B5 /* Wireframe.swift */; };
		30F640981D86642E00E27A67 /* AppStyle.swift in Sources */ = {isa = PBXBuildFile; fileRef = 30F640971D86642E00E27A67 /* AppStyle.swift */; };
		30F6BF5C1D923340001509A2 /* Main.storyboard in Resources */ = {isa = PBXBuildFile; fileRef = 30C716E61D6C7E9F0085FFBD /* Main.storyboard */; };
		30F6BF5F1D92359B001509A2 /* SpyViewControllerFactory.swift in Sources */ = {isa = PBXBuildFile; fileRef = 30F6BF5E1D92359B001509A2 /* SpyViewControllerFactory.swift */; };
		30F6BF611D9235CA001509A2 /* SpyAreasViewController.swift in Sources */ = {isa = PBXBuildFile; fileRef = 30F6BF601D9235CA001509A2 /* SpyAreasViewController.swift */; };
		30F6BF631D92364A001509A2 /* AreasAcceptanceTestsHelper.swift in Sources */ = {isa = PBXBuildFile; fileRef = 30F6BF621D92364A001509A2 /* AreasAcceptanceTestsHelper.swift */; };
/* End PBXBuildFile section */

/* Begin PBXContainerItemProxy section */
		30C716F41D6C7E9F0085FFBD /* PBXContainerItemProxy */ = {
			isa = PBXContainerItemProxy;
			containerPortal = 30C716D71D6C7E9E0085FFBD /* Project object */;
			proxyType = 1;
			remoteGlobalIDString = 30C716DE1D6C7E9E0085FFBD;
			remoteInfo = bbqFinder;
		};
/* End PBXContainerItemProxy section */

/* Begin PBXFileReference section */
		3030E31B1D7E061400647CFA /* BBQMapViewController.swift */ = {isa = PBXFileReference; fileEncoding = 4; lastKnownFileType = sourcecode.swift; path = BBQMapViewController.swift; sourceTree = "<group>"; };
		3030E31D1D7E070200647CFA /* MapKit.framework */ = {isa = PBXFileReference; lastKnownFileType = wrapper.framework; name = MapKit.framework; path = System/Library/Frameworks/MapKit.framework; sourceTree = SDKROOT; };
		3030E31F1D7E078200647CFA /* BBQMapView.swift */ = {isa = PBXFileReference; fileEncoding = 4; lastKnownFileType = sourcecode.swift; path = BBQMapView.swift; sourceTree = "<group>"; };
		3030E3231D7E6EDF00647CFA /* BBQMapInteractor.swift */ = {isa = PBXFileReference; fileEncoding = 4; lastKnownFileType = sourcecode.swift; path = BBQMapInteractor.swift; sourceTree = "<group>"; };
		3030E3251D7E717300647CFA /* BBQMapPresenter.swift */ = {isa = PBXFileReference; fileEncoding = 4; lastKnownFileType = sourcecode.swift; path = BBQMapPresenter.swift; sourceTree = "<group>"; };
		305035371D938971002B7D1F /* AreaViewCell.xib */ = {isa = PBXFileReference; fileEncoding = 4; lastKnownFileType = file.xib; path = AreaViewCell.xib; sourceTree = "<group>"; };
		305035391D9389E4002B7D1F /* AreaTableViewCell.swift */ = {isa = PBXFileReference; fileEncoding = 4; lastKnownFileType = sourcecode.swift; path = AreaTableViewCell.swift; sourceTree = "<group>"; };
		3050353B1D93E974002B7D1F /* UILabel+CharacterSpacing.swift */ = {isa = PBXFileReference; fileEncoding = 4; lastKnownFileType = sourcecode.swift; path = "UILabel+CharacterSpacing.swift"; sourceTree = "<group>"; };
		305035451D948688002B7D1F /* AreasTableViewBackground.xib */ = {isa = PBXFileReference; fileEncoding = 4; lastKnownFileType = file.xib; path = AreasTableViewBackground.xib; sourceTree = "<group>"; };
		3050354D1D949A91002B7D1F /* BBQMapViewController.xib */ = {isa = PBXFileReference; fileEncoding = 4; lastKnownFileType = file.xib; path = BBQMapViewController.xib; sourceTree = "<group>"; };
		3070C9671D8A4F0C00A033A6 /* UserLocation.swift */ = {isa = PBXFileReference; fileEncoding = 4; lastKnownFileType = sourcecode.swift; path = UserLocation.swift; sourceTree = "<group>"; };
		3070C9691D8A5A1D00A033A6 /* LocationAddress.swift */ = {isa = PBXFileReference; fileEncoding = 4; lastKnownFileType = sourcecode.swift; path = LocationAddress.swift; sourceTree = "<group>"; };
		3070C96D1D8B491B00A033A6 /* AppleMapsApp.swift */ = {isa = PBXFileReference; fileEncoding = 4; lastKnownFileType = sourcecode.swift; path = AppleMapsApp.swift; sourceTree = "<group>"; };
		30C716DF1D6C7E9F0085FFBD /* bbqFinder.app */ = {isa = PBXFileReference; explicitFileType = wrapper.application; includeInIndex = 0; path = bbqFinder.app; sourceTree = BUILT_PRODUCTS_DIR; };
		30C716E21D6C7E9F0085FFBD /* AppDelegate.swift */ = {isa = PBXFileReference; lastKnownFileType = sourcecode.swift; path = AppDelegate.swift; sourceTree = "<group>"; };
		30C716E71D6C7E9F0085FFBD /* Base */ = {isa = PBXFileReference; lastKnownFileType = file.storyboard; name = Base; path = Base.lproj/Main.storyboard; sourceTree = "<group>"; };
		30C716E91D6C7E9F0085FFBD /* Assets.xcassets */ = {isa = PBXFileReference; lastKnownFileType = folder.assetcatalog; path = Assets.xcassets; sourceTree = "<group>"; };
		30C716EC1D6C7E9F0085FFBD /* Base */ = {isa = PBXFileReference; lastKnownFileType = file.storyboard; name = Base; path = Base.lproj/LaunchScreen.storyboard; sourceTree = "<group>"; };
		30C716EE1D6C7E9F0085FFBD /* Info.plist */ = {isa = PBXFileReference; lastKnownFileType = text.plist.xml; path = Info.plist; sourceTree = "<group>"; };
		30C716F31D6C7E9F0085FFBD /* bbqFinderTests.xctest */ = {isa = PBXFileReference; explicitFileType = wrapper.cfbundle; includeInIndex = 0; path = bbqFinderTests.xctest; sourceTree = BUILT_PRODUCTS_DIR; };
		30C716F71D6C7E9F0085FFBD /* bbqFinderTests.swift */ = {isa = PBXFileReference; lastKnownFileType = sourcecode.swift; path = bbqFinderTests.swift; sourceTree = "<group>"; };
		30C716F91D6C7E9F0085FFBD /* Info.plist */ = {isa = PBXFileReference; lastKnownFileType = text.plist.xml; path = Info.plist; sourceTree = "<group>"; };
		30C717031D6C7F090085FFBD /* ViewControllerFactory.swift */ = {isa = PBXFileReference; fileEncoding = 4; lastKnownFileType = sourcecode.swift; path = ViewControllerFactory.swift; sourceTree = "<group>"; };
		30C717071D6C7F270085FFBD /* Router.swift */ = {isa = PBXFileReference; fileEncoding = 4; lastKnownFileType = sourcecode.swift; path = Router.swift; sourceTree = "<group>"; };
		30C717091D6C7FE50085FFBD /* AreasViewController.swift */ = {isa = PBXFileReference; fileEncoding = 4; lastKnownFileType = sourcecode.swift; path = AreasViewController.swift; sourceTree = "<group>"; };
		30C7170C1D6C84CF0085FFBD /* TableViewDataSource.swift */ = {isa = PBXFileReference; fileEncoding = 4; lastKnownFileType = sourcecode.swift; path = TableViewDataSource.swift; sourceTree = "<group>"; };
		30C7170E1D6C852B0085FFBD /* Array+Safe.swift */ = {isa = PBXFileReference; fileEncoding = 4; lastKnownFileType = sourcecode.swift; path = "Array+Safe.swift"; sourceTree = "<group>"; };
		30C717111D6C868E0085FFBD /* AreasPresenter.swift */ = {isa = PBXFileReference; fileEncoding = 4; lastKnownFileType = sourcecode.swift; path = AreasPresenter.swift; sourceTree = "<group>"; };
		30C717131D6C89250085FFBD /* AreasInteractor.swift */ = {isa = PBXFileReference; fileEncoding = 4; lastKnownFileType = sourcecode.swift; path = AreasInteractor.swift; sourceTree = "<group>"; };
		30D7EBEE1D7E9ACD007C2884 /* BBQs.swift */ = {isa = PBXFileReference; fileEncoding = 4; lastKnownFileType = sourcecode.swift; path = BBQs.swift; sourceTree = "<group>"; };
		30D7EBF11D7F4D97007C2884 /* MelbournBBQs.swift */ = {isa = PBXFileReference; fileEncoding = 4; lastKnownFileType = sourcecode.swift; path = MelbournBBQs.swift; sourceTree = "<group>"; };
		30D7EBF51D7F5329007C2884 /* UserLocationStatus.swift */ = {isa = PBXFileReference; fileEncoding = 4; lastKnownFileType = sourcecode.swift; path = UserLocationStatus.swift; sourceTree = "<group>"; };
		30D7EBF71D7F5353007C2884 /* CoreLocation.framework */ = {isa = PBXFileReference; lastKnownFileType = wrapper.framework; name = CoreLocation.framework; path = System/Library/Frameworks/CoreLocation.framework; sourceTree = SDKROOT; };
		30D7EBFD1D7F70E8007C2884 /* Alerter.swift */ = {isa = PBXFileReference; fileEncoding = 4; lastKnownFileType = sourcecode.swift; path = Alerter.swift; sourceTree = "<group>"; };
		30D7EBFF1D7F859C007C2884 /* CLLocationCoordinate2D+Default.swift */ = {isa = PBXFileReference; fileEncoding = 4; lastKnownFileType = sourcecode.swift; path = "CLLocationCoordinate2D+Default.swift"; sourceTree = "<group>"; };
		30D7EC041D80B0D5007C2884 /* BBQDetailsTableViewController.swift */ = {isa = PBXFileReference; fileEncoding = 4; lastKnownFileType = sourcecode.swift; path = BBQDetailsTableViewController.swift; sourceTree = "<group>"; };
		30D7EC061D80B14F007C2884 /* BBQDetailsInteractor.swift */ = {isa = PBXFileReference; fileEncoding = 4; lastKnownFileType = sourcecode.swift; path = BBQDetailsInteractor.swift; sourceTree = "<group>"; };
		30D7EC081D80B167007C2884 /* BBQDetailsPresenter.swift */ = {isa = PBXFileReference; fileEncoding = 4; lastKnownFileType = sourcecode.swift; path = BBQDetailsPresenter.swift; sourceTree = "<group>"; };
		30D7EC0D1D8111C9007C2884 /* BBQDetailsDistanceViewCell.swift */ = {isa = PBXFileReference; fileEncoding = 4; lastKnownFileType = sourcecode.swift; path = BBQDetailsDistanceViewCell.swift; sourceTree = "<group>"; };
		30D7EC0F1D81152E007C2884 /* BBQDetailsDirectionViewCell.swift */ = {isa = PBXFileReference; fileEncoding = 4; lastKnownFileType = sourcecode.swift; path = BBQDetailsDirectionViewCell.swift; sourceTree = "<group>"; };
		30D7EC111D811596007C2884 /* BBQDetailsAmmenitiesViewCell.swift */ = {isa = PBXFileReference; fileEncoding = 4; lastKnownFileType = sourcecode.swift; path = BBQDetailsAmmenitiesViewCell.swift; sourceTree = "<group>"; };
		30D7EC131D8115CC007C2884 /* BBQDetailsAddressViewCell.swift */ = {isa = PBXFileReference; fileEncoding = 4; lastKnownFileType = sourcecode.swift; path = BBQDetailsAddressViewCell.swift; sourceTree = "<group>"; };
		30D7EC151D811681007C2884 /* BBQDetailsMapViewCell.swift */ = {isa = PBXFileReference; fileEncoding = 4; lastKnownFileType = sourcecode.swift; path = BBQDetailsMapViewCell.swift; sourceTree = "<group>"; };
		30E59F071D921ED9008643B5 /* AreasAcceptanceTests.swift */ = {isa = PBXFileReference; fileEncoding = 4; lastKnownFileType = sourcecode.swift; path = AreasAcceptanceTests.swift; sourceTree = "<group>"; };
		30E59F091D922772008643B5 /* Wireframe.swift */ = {isa = PBXFileReference; fileEncoding = 4; lastKnownFileType = sourcecode.swift; path = Wireframe.swift; sourceTree = "<group>"; };
		30F640971D86642E00E27A67 /* AppStyle.swift */ = {isa = PBXFileReference; fileEncoding = 4; lastKnownFileType = sourcecode.swift; path = AppStyle.swift; sourceTree = "<group>"; };
		30F6BF5E1D92359B001509A2 /* SpyViewControllerFactory.swift */ = {isa = PBXFileReference; fileEncoding = 4; lastKnownFileType = sourcecode.swift; path = SpyViewControllerFactory.swift; sourceTree = "<group>"; };
		30F6BF601D9235CA001509A2 /* SpyAreasViewController.swift */ = {isa = PBXFileReference; fileEncoding = 4; lastKnownFileType = sourcecode.swift; path = SpyAreasViewController.swift; sourceTree = "<group>"; };
		30F6BF621D92364A001509A2 /* AreasAcceptanceTestsHelper.swift */ = {isa = PBXFileReference; fileEncoding = 4; lastKnownFileType = sourcecode.swift; path = AreasAcceptanceTestsHelper.swift; sourceTree = "<group>"; };
/* End PBXFileReference section */

/* Begin PBXFrameworksBuildPhase section */
		30C716DC1D6C7E9E0085FFBD /* Frameworks */ = {
			isa = PBXFrameworksBuildPhase;
			buildActionMask = 2147483647;
			files = (
				30D7EBF81D7F5353007C2884 /* CoreLocation.framework in Frameworks */,
				3030E31E1D7E070200647CFA /* MapKit.framework in Frameworks */,
			);
			runOnlyForDeploymentPostprocessing = 0;
		};
		30C716F01D6C7E9F0085FFBD /* Frameworks */ = {
			isa = PBXFrameworksBuildPhase;
			buildActionMask = 2147483647;
			files = (
			);
			runOnlyForDeploymentPostprocessing = 0;
		};
/* End PBXFrameworksBuildPhase section */

/* Begin PBXGroup section */
		3030E31A1D7E05E600647CFA /* Bbq Map */ = {
			isa = PBXGroup;
			children = (
				305035471D949712002B7D1F /* Views */,
				3030E31B1D7E061400647CFA /* BBQMapViewController.swift */,
				3030E31F1D7E078200647CFA /* BBQMapView.swift */,
				3030E3251D7E717300647CFA /* BBQMapPresenter.swift */,
				3030E3231D7E6EDF00647CFA /* BBQMapInteractor.swift */,
			);
			name = "Bbq Map";
			sourceTree = "<group>";
		};
		305035401D948382002B7D1F /* Views */ = {
			isa = PBXGroup;
			children = (
				305035391D9389E4002B7D1F /* AreaTableViewCell.swift */,
				305035371D938971002B7D1F /* AreaViewCell.xib */,
				305035451D948688002B7D1F /* AreasTableViewBackground.xib */,
			);
			name = Views;
			sourceTree = "<group>";
		};
		305035471D949712002B7D1F /* Views */ = {
			isa = PBXGroup;
			children = (
				3050354D1D949A91002B7D1F /* BBQMapViewController.xib */,
			);
			name = Views;
			sourceTree = "<group>";
		};
		3070C96F1D8B491F00A033A6 /* Apple Maps App */ = {
			isa = PBXGroup;
			children = (
				3070C96D1D8B491B00A033A6 /* AppleMapsApp.swift */,
			);
			name = "Apple Maps App";
			sourceTree = "<group>";
		};
		30A81D541D89682800309158 /* App Style */ = {
			isa = PBXGroup;
			children = (
				30F640971D86642E00E27A67 /* AppStyle.swift */,
			);
			name = "App Style";
			sourceTree = "<group>";
		};
		30C716D61D6C7E9E0085FFBD = {
			isa = PBXGroup;
			children = (
				30C716E11D6C7E9F0085FFBD /* bbqFinder */,
				30D7EBFB1D7F6FEC007C2884 /* Frameworks */,
				30C716F61D6C7E9F0085FFBD /* bbqFinderTests */,
				30C716E01D6C7E9F0085FFBD /* Products */,
			);
			sourceTree = "<group>";
		};
		30C716E01D6C7E9F0085FFBD /* Products */ = {
			isa = PBXGroup;
			children = (
				30C716DF1D6C7E9F0085FFBD /* bbqFinder.app */,
				30C716F31D6C7E9F0085FFBD /* bbqFinderTests.xctest */,
			);
			name = Products;
			sourceTree = "<group>";
		};
		30C716E11D6C7E9F0085FFBD /* bbqFinder */ = {
			isa = PBXGroup;
			children = (
				30D7EBFA1D7F6FC5007C2884 /* Utils */,
				30D7EBF01D7E9B27007C2884 /* BBQs Data */,
				30C717051D6C7F0D0085FFBD /* Architecture */,
				30C717021D6C7EAD0085FFBD /* Area Selection */,
				3030E31A1D7E05E600647CFA /* Bbq Map */,
				30D7EC011D7FBFC4007C2884 /* Bbq Details */,
				30C716E21D6C7E9F0085FFBD /* AppDelegate.swift */,
				30C716E61D6C7E9F0085FFBD /* Main.storyboard */,
				30C716E91D6C7E9F0085FFBD /* Assets.xcassets */,
				30C716EB1D6C7E9F0085FFBD /* LaunchScreen.storyboard */,
				30C716EE1D6C7E9F0085FFBD /* Info.plist */,
			);
			path = bbqFinder;
			sourceTree = "<group>";
		};
		30C716F61D6C7E9F0085FFBD /* bbqFinderTests */ = {
			isa = PBXGroup;
			children = (
				30E59F061D921E78008643B5 /* AcceptanceTesting */,
				30C716F71D6C7E9F0085FFBD /* bbqFinderTests.swift */,
				30C716F91D6C7E9F0085FFBD /* Info.plist */,
			);
			path = bbqFinderTests;
			sourceTree = "<group>";
		};
		30C717021D6C7EAD0085FFBD /* Area Selection */ = {
			isa = PBXGroup;
			children = (
				305035401D948382002B7D1F /* Views */,
				30C717091D6C7FE50085FFBD /* AreasViewController.swift */,
				30C717111D6C868E0085FFBD /* AreasPresenter.swift */,
				30C717131D6C89250085FFBD /* AreasInteractor.swift */,
			);
			name = "Area Selection";
			sourceTree = "<group>";
		};
		30C717051D6C7F0D0085FFBD /* Architecture */ = {
			isa = PBXGroup;
			children = (
				30C717071D6C7F270085FFBD /* Router.swift */,
				30C717031D6C7F090085FFBD /* ViewControllerFactory.swift */,
				30E59F091D922772008643B5 /* Wireframe.swift */,
			);
			name = Architecture;
			sourceTree = "<group>";
		};
		30C7170B1D6C84B60085FFBD /* Table Data Source */ = {
			isa = PBXGroup;
			children = (
				30C7170C1D6C84CF0085FFBD /* TableViewDataSource.swift */,
			);
			name = "Table Data Source";
			sourceTree = "<group>";
		};
		30C717101D6C859A0085FFBD /* Extentions */ = {
			isa = PBXGroup;
			children = (
				30C7170E1D6C852B0085FFBD /* Array+Safe.swift */,
				30D7EBFF1D7F859C007C2884 /* CLLocationCoordinate2D+Default.swift */,
				3050353B1D93E974002B7D1F /* UILabel+CharacterSpacing.swift */,
			);
			name = Extentions;
			sourceTree = "<group>";
		};
		30D7EBF01D7E9B27007C2884 /* BBQs Data */ = {
			isa = PBXGroup;
			children = (
				30D7EBEE1D7E9ACD007C2884 /* BBQs.swift */,
				30D7EBF11D7F4D97007C2884 /* MelbournBBQs.swift */,
			);
			name = "BBQs Data";
			sourceTree = "<group>";
		};
		30D7EBF91D7F6FB9007C2884 /* Location */ = {
			isa = PBXGroup;
			children = (
				30D7EBF51D7F5329007C2884 /* UserLocationStatus.swift */,
				3070C9671D8A4F0C00A033A6 /* UserLocation.swift */,
				3070C9691D8A5A1D00A033A6 /* LocationAddress.swift */,
			);
			name = Location;
			sourceTree = "<group>";
		};
		30D7EBFA1D7F6FC5007C2884 /* Utils */ = {
			isa = PBXGroup;
			children = (
				30A81D541D89682800309158 /* App Style */,
				30C717101D6C859A0085FFBD /* Extentions */,
				30C7170B1D6C84B60085FFBD /* Table Data Source */,
				30D7EBF91D7F6FB9007C2884 /* Location */,
				30D7EBFC1D7F70D2007C2884 /* Alerter */,
				3070C96F1D8B491F00A033A6 /* Apple Maps App */,
			);
			name = Utils;
			sourceTree = "<group>";
		};
		30D7EBFB1D7F6FEC007C2884 /* Frameworks */ = {
			isa = PBXGroup;
			children = (
				30D7EBF71D7F5353007C2884 /* CoreLocation.framework */,
				3030E31D1D7E070200647CFA /* MapKit.framework */,
			);
			name = Frameworks;
			path = bbqFinder;
			sourceTree = "<group>";
		};
		30D7EBFC1D7F70D2007C2884 /* Alerter */ = {
			isa = PBXGroup;
			children = (
				30D7EBFD1D7F70E8007C2884 /* Alerter.swift */,
			);
			name = Alerter;
			sourceTree = "<group>";
		};
		30D7EC011D7FBFC4007C2884 /* Bbq Details */ = {
			isa = PBXGroup;
			children = (
				30D7EC0A1D80D146007C2884 /* Views */,
				30D7EC041D80B0D5007C2884 /* BBQDetailsTableViewController.swift */,
				30D7EC081D80B167007C2884 /* BBQDetailsPresenter.swift */,
				30D7EC061D80B14F007C2884 /* BBQDetailsInteractor.swift */,
			);
			name = "Bbq Details";
			sourceTree = "<group>";
		};
		30D7EC0A1D80D146007C2884 /* Views */ = {
			isa = PBXGroup;
			children = (
				30D7EC151D811681007C2884 /* BBQDetailsMapViewCell.swift */,
				30D7EC0D1D8111C9007C2884 /* BBQDetailsDistanceViewCell.swift */,
				30D7EC0F1D81152E007C2884 /* BBQDetailsDirectionViewCell.swift */,
				30D7EC111D811596007C2884 /* BBQDetailsAmmenitiesViewCell.swift */,
				30D7EC131D8115CC007C2884 /* BBQDetailsAddressViewCell.swift */,
			);
			name = Views;
			sourceTree = "<group>";
		};
		30E59F061D921E78008643B5 /* AcceptanceTesting */ = {
			isa = PBXGroup;
			children = (
				30E59F071D921ED9008643B5 /* AreasAcceptanceTests.swift */,
				30F6BF621D92364A001509A2 /* AreasAcceptanceTestsHelper.swift */,
				30F6BF5D1D923576001509A2 /* Spy Controllers */,
			);
			name = AcceptanceTesting;
			sourceTree = "<group>";
		};
		30F6BF5D1D923576001509A2 /* Spy Controllers */ = {
			isa = PBXGroup;
			children = (
				30F6BF5E1D92359B001509A2 /* SpyViewControllerFactory.swift */,
				30F6BF601D9235CA001509A2 /* SpyAreasViewController.swift */,
			);
			name = "Spy Controllers";
			sourceTree = "<group>";
		};
/* End PBXGroup section */

/* Begin PBXNativeTarget section */
		30C716DE1D6C7E9E0085FFBD /* bbqFinder */ = {
			isa = PBXNativeTarget;
			buildConfigurationList = 30C716FC1D6C7E9F0085FFBD /* Build configuration list for PBXNativeTarget "bbqFinder" */;
			buildPhases = (
				30C716DB1D6C7E9E0085FFBD /* Sources */,
				30C716DC1D6C7E9E0085FFBD /* Frameworks */,
				30C716DD1D6C7E9E0085FFBD /* Resources */,
			);
			buildRules = (
			);
			dependencies = (
			);
			name = bbqFinder;
			productName = bbqFinder;
			productReference = 30C716DF1D6C7E9F0085FFBD /* bbqFinder.app */;
			productType = "com.apple.product-type.application";
		};
		30C716F21D6C7E9F0085FFBD /* bbqFinderTests */ = {
			isa = PBXNativeTarget;
			buildConfigurationList = 30C716FF1D6C7E9F0085FFBD /* Build configuration list for PBXNativeTarget "bbqFinderTests" */;
			buildPhases = (
				30C716EF1D6C7E9F0085FFBD /* Sources */,
				30C716F01D6C7E9F0085FFBD /* Frameworks */,
				30C716F11D6C7E9F0085FFBD /* Resources */,
			);
			buildRules = (
			);
			dependencies = (
				30C716F51D6C7E9F0085FFBD /* PBXTargetDependency */,
			);
			name = bbqFinderTests;
			productName = bbqFinderTests;
			productReference = 30C716F31D6C7E9F0085FFBD /* bbqFinderTests.xctest */;
			productType = "com.apple.product-type.bundle.unit-test";
		};
/* End PBXNativeTarget section */

/* Begin PBXProject section */
		30C716D71D6C7E9E0085FFBD /* Project object */ = {
			isa = PBXProject;
			attributes = {
				LastSwiftUpdateCheck = 0730;
				LastUpgradeCheck = 0730;
				ORGANIZATIONNAME = RichardMoult;
				TargetAttributes = {
					30C716DE1D6C7E9E0085FFBD = {
						CreatedOnToolsVersion = 7.3;
						DevelopmentTeam = 7HG6PP7Q5J;
						LastSwiftMigration = 0800;
					};
					30C716F21D6C7E9F0085FFBD = {
						CreatedOnToolsVersion = 7.3;
						LastSwiftMigration = 0800;
						TestTargetID = 30C716DE1D6C7E9E0085FFBD;
					};
				};
			};
			buildConfigurationList = 30C716DA1D6C7E9E0085FFBD /* Build configuration list for PBXProject "bbqFinder" */;
			compatibilityVersion = "Xcode 3.2";
			developmentRegion = English;
			hasScannedForEncodings = 0;
			knownRegions = (
				en,
				Base,
			);
			mainGroup = 30C716D61D6C7E9E0085FFBD;
			productRefGroup = 30C716E01D6C7E9F0085FFBD /* Products */;
			projectDirPath = "";
			projectRoot = "";
			targets = (
				30C716DE1D6C7E9E0085FFBD /* bbqFinder */,
				30C716F21D6C7E9F0085FFBD /* bbqFinderTests */,
			);
		};
/* End PBXProject section */

/* Begin PBXResourcesBuildPhase section */
		30C716DD1D6C7E9E0085FFBD /* Resources */ = {
			isa = PBXResourcesBuildPhase;
			buildActionMask = 2147483647;
			files = (
				30C716ED1D6C7E9F0085FFBD /* LaunchScreen.storyboard in Resources */,
				305035381D938971002B7D1F /* AreaViewCell.xib in Resources */,
				305035461D948688002B7D1F /* AreasTableViewBackground.xib in Resources */,
				30C716EA1D6C7E9F0085FFBD /* Assets.xcassets in Resources */,
				3050354F1D949A91002B7D1F /* BBQMapViewController.xib in Resources */,
				30C716E81D6C7E9F0085FFBD /* Main.storyboard in Resources */,
			);
			runOnlyForDeploymentPostprocessing = 0;
		};
		30C716F11D6C7E9F0085FFBD /* Resources */ = {
			isa = PBXResourcesBuildPhase;
			buildActionMask = 2147483647;
			files = (
				30F6BF5C1D923340001509A2 /* Main.storyboard in Resources */,
			);
			runOnlyForDeploymentPostprocessing = 0;
		};
/* End PBXResourcesBuildPhase section */

/* Begin PBXSourcesBuildPhase section */
		30C716DB1D6C7E9E0085FFBD /* Sources */ = {
			isa = PBXSourcesBuildPhase;
			buildActionMask = 2147483647;
			files = (
				30C717081D6C7F270085FFBD /* Router.swift in Sources */,
				3070C96A1D8A5A1D00A033A6 /* LocationAddress.swift in Sources */,
				3050353C1D93E974002B7D1F /* UILabel+CharacterSpacing.swift in Sources */,
				3070C9681D8A4F0C00A033A6 /* UserLocation.swift in Sources */,
				30C717041D6C7F090085FFBD /* ViewControllerFactory.swift in Sources */,
				30D7EC051D80B0D5007C2884 /* BBQDetailsTableViewController.swift in Sources */,
				30D7EC141D8115CC007C2884 /* BBQDetailsAddressViewCell.swift in Sources */,
				30D7EC091D80B167007C2884 /* BBQDetailsPresenter.swift in Sources */,
				30C717141D6C89250085FFBD /* AreasInteractor.swift in Sources */,
				30D7EBF21D7F4D97007C2884 /* MelbournBBQs.swift in Sources */,
				30D7EBF61D7F5329007C2884 /* UserLocationStatus.swift in Sources */,
				30C7170A1D6C7FE50085FFBD /* AreasViewController.swift in Sources */,
				3050353A1D9389E4002B7D1F /* AreaTableViewCell.swift in Sources */,
				30E59F0A1D922772008643B5 /* Wireframe.swift in Sources */,
				3030E3261D7E717300647CFA /* BBQMapPresenter.swift in Sources */,
				30C7170F1D6C852B0085FFBD /* Array+Safe.swift in Sources */,
				30D7EBFE1D7F70E8007C2884 /* Alerter.swift in Sources */,
				30D7EC161D811681007C2884 /* BBQDetailsMapViewCell.swift in Sources */,
				3030E3201D7E078200647CFA /* BBQMapView.swift in Sources */,
				30D7EC101D81152E007C2884 /* BBQDetailsDirectionViewCell.swift in Sources */,
				30D7EC071D80B14F007C2884 /* BBQDetailsInteractor.swift in Sources */,
				30D7EBEF1D7E9ACD007C2884 /* BBQs.swift in Sources */,
				30D7EC0E1D8111C9007C2884 /* BBQDetailsDistanceViewCell.swift in Sources */,
				3030E31C1D7E061400647CFA /* BBQMapViewController.swift in Sources */,
				3070C96E1D8B491B00A033A6 /* AppleMapsApp.swift in Sources */,
				30C7170D1D6C84CF0085FFBD /* TableViewDataSource.swift in Sources */,
				30C716E31D6C7E9F0085FFBD /* AppDelegate.swift in Sources */,
				30D7EC121D811596007C2884 /* BBQDetailsAmmenitiesViewCell.swift in Sources */,
				30C717121D6C868E0085FFBD /* AreasPresenter.swift in Sources */,
				3030E3241D7E6EDF00647CFA /* BBQMapInteractor.swift in Sources */,
				30D7EC001D7F859C007C2884 /* CLLocationCoordinate2D+Default.swift in Sources */,
				30F640981D86642E00E27A67 /* AppStyle.swift in Sources */,
			);
			runOnlyForDeploymentPostprocessing = 0;
		};
		30C716EF1D6C7E9F0085FFBD /* Sources */ = {
			isa = PBXSourcesBuildPhase;
			buildActionMask = 2147483647;
			files = (
				30E59F081D921ED9008643B5 /* AreasAcceptanceTests.swift in Sources */,
				30C716F81D6C7E9F0085FFBD /* bbqFinderTests.swift in Sources */,
				30F6BF611D9235CA001509A2 /* SpyAreasViewController.swift in Sources */,
				30F6BF5F1D92359B001509A2 /* SpyViewControllerFactory.swift in Sources */,
				30F6BF631D92364A001509A2 /* AreasAcceptanceTestsHelper.swift in Sources */,
			);
			runOnlyForDeploymentPostprocessing = 0;
		};
/* End PBXSourcesBuildPhase section */

/* Begin PBXTargetDependency section */
		30C716F51D6C7E9F0085FFBD /* PBXTargetDependency */ = {
			isa = PBXTargetDependency;
			target = 30C716DE1D6C7E9E0085FFBD /* bbqFinder */;
			targetProxy = 30C716F41D6C7E9F0085FFBD /* PBXContainerItemProxy */;
		};
/* End PBXTargetDependency section */

/* Begin PBXVariantGroup section */
		30C716E61D6C7E9F0085FFBD /* Main.storyboard */ = {
			isa = PBXVariantGroup;
			children = (
				30C716E71D6C7E9F0085FFBD /* Base */,
			);
			name = Main.storyboard;
			sourceTree = "<group>";
		};
		30C716EB1D6C7E9F0085FFBD /* LaunchScreen.storyboard */ = {
			isa = PBXVariantGroup;
			children = (
				30C716EC1D6C7E9F0085FFBD /* Base */,
			);
			name = LaunchScreen.storyboard;
			sourceTree = "<group>";
		};
/* End PBXVariantGroup section */

/* Begin XCBuildConfiguration section */
		30C716FA1D6C7E9F0085FFBD /* Debug */ = {
			isa = XCBuildConfiguration;
			buildSettings = {
				ALWAYS_SEARCH_USER_PATHS = NO;
				CLANG_ANALYZER_NONNULL = YES;
				CLANG_CXX_LANGUAGE_STANDARD = "gnu++0x";
				CLANG_CXX_LIBRARY = "libc++";
				CLANG_ENABLE_MODULES = YES;
				CLANG_ENABLE_OBJC_ARC = YES;
				CLANG_WARN_BOOL_CONVERSION = YES;
				CLANG_WARN_CONSTANT_CONVERSION = YES;
				CLANG_WARN_DIRECT_OBJC_ISA_USAGE = YES_ERROR;
				CLANG_WARN_EMPTY_BODY = YES;
				CLANG_WARN_ENUM_CONVERSION = YES;
				CLANG_WARN_INT_CONVERSION = YES;
				CLANG_WARN_OBJC_ROOT_CLASS = YES_ERROR;
				CLANG_WARN_UNREACHABLE_CODE = YES;
				CLANG_WARN__DUPLICATE_METHOD_MATCH = YES;
				"CODE_SIGN_IDENTITY[sdk=iphoneos*]" = "iPhone Developer";
				COPY_PHASE_STRIP = NO;
				DEBUG_INFORMATION_FORMAT = dwarf;
				ENABLE_STRICT_OBJC_MSGSEND = YES;
				ENABLE_TESTABILITY = YES;
				GCC_C_LANGUAGE_STANDARD = gnu99;
				GCC_DYNAMIC_NO_PIC = NO;
				GCC_NO_COMMON_BLOCKS = YES;
				GCC_OPTIMIZATION_LEVEL = 0;
				GCC_PREPROCESSOR_DEFINITIONS = (
					"DEBUG=1",
					"$(inherited)",
				);
				GCC_WARN_64_TO_32_BIT_CONVERSION = YES;
				GCC_WARN_ABOUT_RETURN_TYPE = YES_ERROR;
				GCC_WARN_UNDECLARED_SELECTOR = YES;
				GCC_WARN_UNINITIALIZED_AUTOS = YES_AGGRESSIVE;
				GCC_WARN_UNUSED_FUNCTION = YES;
				GCC_WARN_UNUSED_VARIABLE = YES;
				IPHONEOS_DEPLOYMENT_TARGET = 9.3;
				MTL_ENABLE_DEBUG_INFO = YES;
				ONLY_ACTIVE_ARCH = YES;
				SDKROOT = iphoneos;
				SWIFT_OPTIMIZATION_LEVEL = "-Onone";
				TARGETED_DEVICE_FAMILY = "1,2";
			};
			name = Debug;
		};
		30C716FB1D6C7E9F0085FFBD /* Release */ = {
			isa = XCBuildConfiguration;
			buildSettings = {
				ALWAYS_SEARCH_USER_PATHS = NO;
				CLANG_ANALYZER_NONNULL = YES;
				CLANG_CXX_LANGUAGE_STANDARD = "gnu++0x";
				CLANG_CXX_LIBRARY = "libc++";
				CLANG_ENABLE_MODULES = YES;
				CLANG_ENABLE_OBJC_ARC = YES;
				CLANG_WARN_BOOL_CONVERSION = YES;
				CLANG_WARN_CONSTANT_CONVERSION = YES;
				CLANG_WARN_DIRECT_OBJC_ISA_USAGE = YES_ERROR;
				CLANG_WARN_EMPTY_BODY = YES;
				CLANG_WARN_ENUM_CONVERSION = YES;
				CLANG_WARN_INT_CONVERSION = YES;
				CLANG_WARN_OBJC_ROOT_CLASS = YES_ERROR;
				CLANG_WARN_UNREACHABLE_CODE = YES;
				CLANG_WARN__DUPLICATE_METHOD_MATCH = YES;
				"CODE_SIGN_IDENTITY[sdk=iphoneos*]" = "iPhone Developer";
				COPY_PHASE_STRIP = NO;
				DEBUG_INFORMATION_FORMAT = "dwarf-with-dsym";
				ENABLE_NS_ASSERTIONS = NO;
				ENABLE_STRICT_OBJC_MSGSEND = YES;
				GCC_C_LANGUAGE_STANDARD = gnu99;
				GCC_NO_COMMON_BLOCKS = YES;
				GCC_WARN_64_TO_32_BIT_CONVERSION = YES;
				GCC_WARN_ABOUT_RETURN_TYPE = YES_ERROR;
				GCC_WARN_UNDECLARED_SELECTOR = YES;
				GCC_WARN_UNINITIALIZED_AUTOS = YES_AGGRESSIVE;
				GCC_WARN_UNUSED_FUNCTION = YES;
				GCC_WARN_UNUSED_VARIABLE = YES;
				IPHONEOS_DEPLOYMENT_TARGET = 9.3;
				MTL_ENABLE_DEBUG_INFO = NO;
				SDKROOT = iphoneos;
				TARGETED_DEVICE_FAMILY = "1,2";
				VALIDATE_PRODUCT = YES;
			};
			name = Release;
		};
		30C716FD1D6C7E9F0085FFBD /* Debug */ = {
			isa = XCBuildConfiguration;
			buildSettings = {
				ASSETCATALOG_COMPILER_APPICON_NAME = AppIcon;
				DEVELOPMENT_TEAM = 7HG6PP7Q5J;
				INFOPLIST_FILE = bbqFinder/Info.plist;
				LD_RUNPATH_SEARCH_PATHS = "$(inherited) @executable_path/Frameworks";
				PRODUCT_BUNDLE_IDENTIFIER = com.trickysquirrel.bbqFinder;
				PRODUCT_NAME = "$(TARGET_NAME)";
				SWIFT_VERSION = 3.0;
			};
			name = Debug;
		};
		30C716FE1D6C7E9F0085FFBD /* Release */ = {
			isa = XCBuildConfiguration;
			buildSettings = {
				ASSETCATALOG_COMPILER_APPICON_NAME = AppIcon;
				DEVELOPMENT_TEAM = 7HG6PP7Q5J;
				INFOPLIST_FILE = bbqFinder/Info.plist;
				LD_RUNPATH_SEARCH_PATHS = "$(inherited) @executable_path/Frameworks";
				PRODUCT_BUNDLE_IDENTIFIER = com.trickysquirrel.bbqFinder;
				PRODUCT_NAME = "$(TARGET_NAME)";
				SWIFT_VERSION = 3.0;
			};
			name = Release;
		};
		30C717001D6C7E9F0085FFBD /* Debug */ = {
			isa = XCBuildConfiguration;
			buildSettings = {
				BUNDLE_LOADER = "$(TEST_HOST)";
				INFOPLIST_FILE = bbqFinderTests/Info.plist;
				LD_RUNPATH_SEARCH_PATHS = "$(inherited) @executable_path/Frameworks @loader_path/Frameworks";
				PRODUCT_BUNDLE_IDENTIFIER = com.trickysquirrel.bbqFinderTests;
				PRODUCT_NAME = "$(TARGET_NAME)";
				SWIFT_VERSION = 3.0;
				TEST_HOST = "$(BUILT_PRODUCTS_DIR)/bbqFinder.app/bbqFinder";
			};
			name = Debug;
		};
		30C717011D6C7E9F0085FFBD /* Release */ = {
			isa = XCBuildConfiguration;
			buildSettings = {
				BUNDLE_LOADER = "$(TEST_HOST)";
				INFOPLIST_FILE = bbqFinderTests/Info.plist;
				LD_RUNPATH_SEARCH_PATHS = "$(inherited) @executable_path/Frameworks @loader_path/Frameworks";
				PRODUCT_BUNDLE_IDENTIFIER = com.trickysquirrel.bbqFinderTests;
				PRODUCT_NAME = "$(TARGET_NAME)";
				SWIFT_VERSION = 3.0;
				TEST_HOST = "$(BUILT_PRODUCTS_DIR)/bbqFinder.app/bbqFinder";
			};
			name = Release;
		};
/* End XCBuildConfiguration section */

/* Begin XCConfigurationList section */
		30C716DA1D6C7E9E0085FFBD /* Build configuration list for PBXProject "bbqFinder" */ = {
			isa = XCConfigurationList;
			buildConfigurations = (
				30C716FA1D6C7E9F0085FFBD /* Debug */,
				30C716FB1D6C7E9F0085FFBD /* Release */,
			);
			defaultConfigurationIsVisible = 0;
			defaultConfigurationName = Release;
		};
		30C716FC1D6C7E9F0085FFBD /* Build configuration list for PBXNativeTarget "bbqFinder" */ = {
			isa = XCConfigurationList;
			buildConfigurations = (
				30C716FD1D6C7E9F0085FFBD /* Debug */,
				30C716FE1D6C7E9F0085FFBD /* Release */,
			);
			defaultConfigurationIsVisible = 0;
			defaultConfigurationName = Release;
		};
		30C716FF1D6C7E9F0085FFBD /* Build configuration list for PBXNativeTarget "bbqFinderTests" */ = {
			isa = XCConfigurationList;
			buildConfigurations = (
				30C717001D6C7E9F0085FFBD /* Debug */,
				30C717011D6C7E9F0085FFBD /* Release */,
			);
			defaultConfigurationIsVisible = 0;
			defaultConfigurationName = Release;
		};
/* End XCConfigurationList section */
	};
	rootObject = 30C716D71D6C7E9E0085FFBD /* Project object */;
}
