// !$*UTF8*$!
{
	archiveVersion = 1;
	classes = {
	};
	objectVersion = 46;
	objects = {

/* Begin PBXBuildFile section */
		3002BCE81D9F09BF0068B2B6 /* MapAnalyticsTracker.swift in Sources */ = {isa = PBXBuildFile; fileRef = 3002BCE71D9F09BF0068B2B6 /* MapAnalyticsTracker.swift */; };
		3002BCEA1D9F0E360068B2B6 /* BBQDetailsAnalyticsTracker.swift in Sources */ = {isa = PBXBuildFile; fileRef = 3002BCE91D9F0E360068B2B6 /* BBQDetailsAnalyticsTracker.swift */; };
		3002BCED1D9F17A20068B2B6 /* StubAnalyticsTrackerFactory.swift in Sources */ = {isa = PBXBuildFile; fileRef = 3002BCEC1D9F17A20068B2B6 /* StubAnalyticsTrackerFactory.swift */; };
		3002BCEF1D9FA5350068B2B6 /* BBQFinderConfiguration.swift in Sources */ = {isa = PBXBuildFile; fileRef = 3002BCEE1D9FA5350068B2B6 /* BBQFinderConfiguration.swift */; };
		3002BCF21D9FE5140068B2B6 /* BBQDetailsPopoverViewController.swift in Sources */ = {isa = PBXBuildFile; fileRef = 3002BCF11D9FE5140068B2B6 /* BBQDetailsPopoverViewController.swift */; };
		3012587A1D9571F100E3F33E /* LocationDistance.swift in Sources */ = {isa = PBXBuildFile; fileRef = 301258791D9571F100E3F33E /* LocationDistance.swift */; };
		3012587C1D96A6C200E3F33E /* LabelSpacing.swift in Sources */ = {isa = PBXBuildFile; fileRef = 3012587B1D96A6C200E3F33E /* LabelSpacing.swift */; };
		301258851D96AE5D00E3F33E /* SceneKit.framework in Frameworks */ = {isa = PBXBuildFile; fileRef = 301258841D96AE5D00E3F33E /* SceneKit.framework */; };
		301258941D96CC9900E3F33E /* ButtonRounded.swift in Sources */ = {isa = PBXBuildFile; fileRef = 301258931D96CC9900E3F33E /* ButtonRounded.swift */; };
		301258BE1D97F86600E3F33E /* BallaratBBQs.swift in Sources */ = {isa = PBXBuildFile; fileRef = 301258BD1D97F86600E3F33E /* BallaratBBQs.swift */; };
		301258C01D97FECE00E3F33E /* Tasmania.swift in Sources */ = {isa = PBXBuildFile; fileRef = 301258BF1D97FECE00E3F33E /* Tasmania.swift */; };
		301C88F51D9D09C400AA1F15 /* BBQModelActions.swift in Sources */ = {isa = PBXBuildFile; fileRef = 301C88F41D9D09C400AA1F15 /* BBQModelActions.swift */; };
		3030E31C1D7E061400647CFA /* BBQMapViewController.swift in Sources */ = {isa = PBXBuildFile; fileRef = 3030E31B1D7E061400647CFA /* BBQMapViewController.swift */; };
		3030E31E1D7E070200647CFA /* MapKit.framework in Frameworks */ = {isa = PBXBuildFile; fileRef = 3030E31D1D7E070200647CFA /* MapKit.framework */; };
		3030E3201D7E078200647CFA /* BBQMapView.swift in Sources */ = {isa = PBXBuildFile; fileRef = 3030E31F1D7E078200647CFA /* BBQMapView.swift */; };
		3030E3241D7E6EDF00647CFA /* BBQMapInteractor.swift in Sources */ = {isa = PBXBuildFile; fileRef = 3030E3231D7E6EDF00647CFA /* BBQMapInteractor.swift */; };
		3030E3261D7E717300647CFA /* BBQMapPresenter.swift in Sources */ = {isa = PBXBuildFile; fileRef = 3030E3251D7E717300647CFA /* BBQMapPresenter.swift */; };
		30432FF21DC13C3000637FDE /* TrackerId.swift in Sources */ = {isa = PBXBuildFile; fileRef = 30432FF11DC13C3000637FDE /* TrackerId.swift */; };
		30432FF51DC13DCF00637FDE /* libFlurry_7.8.0.a in Frameworks */ = {isa = PBXBuildFile; fileRef = 30432FF41DC13DCF00637FDE /* libFlurry_7.8.0.a */; };
		30432FF81DC145F200637FDE /* SystemConfiguration.framework in Frameworks */ = {isa = PBXBuildFile; fileRef = 309D5FEE1DA791BF008BEC0E /* SystemConfiguration.framework */; };
		305035381D938971002B7D1F /* AreaViewCell.xib in Resources */ = {isa = PBXBuildFile; fileRef = 305035371D938971002B7D1F /* AreaViewCell.xib */; };
		3050353A1D9389E4002B7D1F /* AreaTableViewCell.swift in Sources */ = {isa = PBXBuildFile; fileRef = 305035391D9389E4002B7D1F /* AreaTableViewCell.swift */; };
		3050353C1D93E974002B7D1F /* UILabel+CharacterSpacing.swift in Sources */ = {isa = PBXBuildFile; fileRef = 3050353B1D93E974002B7D1F /* UILabel+CharacterSpacing.swift */; };
		305035461D948688002B7D1F /* AreasTableViewBackground.xib in Resources */ = {isa = PBXBuildFile; fileRef = 305035451D948688002B7D1F /* AreasTableViewBackground.xib */; };
		3050354F1D949A91002B7D1F /* BBQMapViewController.xib in Resources */ = {isa = PBXBuildFile; fileRef = 3050354D1D949A91002B7D1F /* BBQMapViewController.xib */; };
		30671EF71DBA44F000E51639 /* BBQAddInteractor.swift in Sources */ = {isa = PBXBuildFile; fileRef = 30671EF61DBA44F000E51639 /* BBQAddInteractor.swift */; };
		30671EF91DBA477600E51639 /* UserDefaultsStorage.swift in Sources */ = {isa = PBXBuildFile; fileRef = 30671EF81DBA477600E51639 /* UserDefaultsStorage.swift */; };
		30671EFB1DBA49BF00E51639 /* FakePersistenStorage.swift in Sources */ = {isa = PBXBuildFile; fileRef = 30671EFA1DBA49BF00E51639 /* FakePersistenStorage.swift */; };
		30671EFD1DBA4C3000E51639 /* BBQPersistentStorage.swift in Sources */ = {isa = PBXBuildFile; fileRef = 30671EFC1DBA4C3000E51639 /* BBQPersistentStorage.swift */; };
		30671F021DBAC07D00E51639 /* Dictionary+ValueForKeySubscript.swift in Sources */ = {isa = PBXBuildFile; fileRef = 30671F011DBAC07D00E51639 /* Dictionary+ValueForKeySubscript.swift */; };
		30671F061DBAC59500E51639 /* AddBBQMapAnalyticsTracker.swift in Sources */ = {isa = PBXBuildFile; fileRef = 30671F051DBAC59500E51639 /* AddBBQMapAnalyticsTracker.swift */; };
		3070C9681D8A4F0C00A033A6 /* UserLocation.swift in Sources */ = {isa = PBXBuildFile; fileRef = 3070C9671D8A4F0C00A033A6 /* UserLocation.swift */; };
		3070C96A1D8A5A1D00A033A6 /* LocationAddress.swift in Sources */ = {isa = PBXBuildFile; fileRef = 3070C9691D8A5A1D00A033A6 /* LocationAddress.swift */; };
		3070C96E1D8B491B00A033A6 /* AppleMapsApp.swift in Sources */ = {isa = PBXBuildFile; fileRef = 3070C96D1D8B491B00A033A6 /* AppleMapsApp.swift */; };
		307D42841DBB8C02000E101B /* DeleteBBQInteractor.swift in Sources */ = {isa = PBXBuildFile; fileRef = 307D42831DBB8C02000E101B /* DeleteBBQInteractor.swift */; };
		307D42861DBC0B55000E101B /* BBQMapViewModel.swift in Sources */ = {isa = PBXBuildFile; fileRef = 307D42851DBC0B55000E101B /* BBQMapViewModel.swift */; };
		30807CB91DB301B6009890CE /* iAd.framework in Frameworks */ = {isa = PBXBuildFile; fileRef = 30807CB81DB301B6009890CE /* iAd.framework */; };
		308BF9DD1D9DC110007FA732 /* BBQAppleRouterActionFactory.swift in Sources */ = {isa = PBXBuildFile; fileRef = 308BF9DC1D9DC110007FA732 /* BBQAppleRouterActionFactory.swift */; };
		308BF9E71D9DD1EF007FA732 /* AnalyticsTrackerFactory.swift in Sources */ = {isa = PBXBuildFile; fileRef = 308BF9E61D9DD1EF007FA732 /* AnalyticsTrackerFactory.swift */; };
		308BF9EA1D9DD329007FA732 /* AreasTracker.swift in Sources */ = {isa = PBXBuildFile; fileRef = 308BF9E91D9DD329007FA732 /* AreasTracker.swift */; };
		309D5FF11DA9A429008BEC0E /* TableView+AutoSizing.swift in Sources */ = {isa = PBXBuildFile; fileRef = 309D5FF01DA9A429008BEC0E /* TableView+AutoSizing.swift */; };
		309D5FF31DA9AA4B008BEC0E /* TableView+RegisterCell.swift in Sources */ = {isa = PBXBuildFile; fileRef = 309D5FF21DA9AA4B008BEC0E /* TableView+RegisterCell.swift */; };
		30A96CB41DB8EFFA000F8C15 /* AdBannerView.swift in Sources */ = {isa = PBXBuildFile; fileRef = 30A96CB31DB8EFFA000F8C15 /* AdBannerView.swift */; };
		30A96CB71DB8FD0C000F8C15 /* BBQAddViewController.swift in Sources */ = {isa = PBXBuildFile; fileRef = 30A96CB61DB8FD0C000F8C15 /* BBQAddViewController.swift */; };
		30AE272B1D98DD180044B6C4 /* AlphineShire.swift in Sources */ = {isa = PBXBuildFile; fileRef = 30AE272A1D98DD180044B6C4 /* AlphineShire.swift */; };
		30AE272F1D9932C80044B6C4 /* Noosa.swift in Sources */ = {isa = PBXBuildFile; fileRef = 30AE272E1D9932C80044B6C4 /* Noosa.swift */; };
		30AE27351D993A670044B6C4 /* GreaterDandenong.swift in Sources */ = {isa = PBXBuildFile; fileRef = 30AE27341D993A670044B6C4 /* GreaterDandenong.swift */; };
		30AE27391D99421B0044B6C4 /* Canberra.swift in Sources */ = {isa = PBXBuildFile; fileRef = 30AE27381D99421B0044B6C4 /* Canberra.swift */; };
		30BB30511DC550A80087B2CA /* BBQFinderUITests.swift in Sources */ = {isa = PBXBuildFile; fileRef = 30BB30501DC550A80087B2CA /* BBQFinderUITests.swift */; };
		30BB30591DC550F20087B2CA /* SnapshotHelper.swift in Sources */ = {isa = PBXBuildFile; fileRef = 30BB30581DC550F20087B2CA /* SnapshotHelper.swift */; };
		30C716E31D6C7E9F0085FFBD /* AppDelegate.swift in Sources */ = {isa = PBXBuildFile; fileRef = 30C716E21D6C7E9F0085FFBD /* AppDelegate.swift */; };
		30C716E81D6C7E9F0085FFBD /* Main.storyboard in Resources */ = {isa = PBXBuildFile; fileRef = 30C716E61D6C7E9F0085FFBD /* Main.storyboard */; };
		30C716EA1D6C7E9F0085FFBD /* Assets.xcassets in Resources */ = {isa = PBXBuildFile; fileRef = 30C716E91D6C7E9F0085FFBD /* Assets.xcassets */; };
		30C716ED1D6C7E9F0085FFBD /* LaunchScreen.storyboard in Resources */ = {isa = PBXBuildFile; fileRef = 30C716EB1D6C7E9F0085FFBD /* LaunchScreen.storyboard */; };
		30C717041D6C7F090085FFBD /* BBQViewControllerFactory.swift in Sources */ = {isa = PBXBuildFile; fileRef = 30C717031D6C7F090085FFBD /* BBQViewControllerFactory.swift */; };
		30C717081D6C7F270085FFBD /* BBQAppRouter.swift in Sources */ = {isa = PBXBuildFile; fileRef = 30C717071D6C7F270085FFBD /* BBQAppRouter.swift */; };
		30C7170A1D6C7FE50085FFBD /* AreasViewController.swift in Sources */ = {isa = PBXBuildFile; fileRef = 30C717091D6C7FE50085FFBD /* AreasViewController.swift */; };
		30C7170D1D6C84CF0085FFBD /* TableViewDataSource.swift in Sources */ = {isa = PBXBuildFile; fileRef = 30C7170C1D6C84CF0085FFBD /* TableViewDataSource.swift */; };
		30C7170F1D6C852B0085FFBD /* Array+Safe.swift in Sources */ = {isa = PBXBuildFile; fileRef = 30C7170E1D6C852B0085FFBD /* Array+Safe.swift */; };
		30C717121D6C868E0085FFBD /* AreasPresenter.swift in Sources */ = {isa = PBXBuildFile; fileRef = 30C717111D6C868E0085FFBD /* AreasPresenter.swift */; };
		30C717141D6C89250085FFBD /* AreasInteractor.swift in Sources */ = {isa = PBXBuildFile; fileRef = 30C717131D6C89250085FFBD /* AreasInteractor.swift */; };
		30D7EBEF1D7E9ACD007C2884 /* BBQs.swift in Sources */ = {isa = PBXBuildFile; fileRef = 30D7EBEE1D7E9ACD007C2884 /* BBQs.swift */; };
		30D7EBF21D7F4D97007C2884 /* MelbournBBQs.swift in Sources */ = {isa = PBXBuildFile; fileRef = 30D7EBF11D7F4D97007C2884 /* MelbournBBQs.swift */; };
		30D7EBF61D7F5329007C2884 /* UserLocationStatus.swift in Sources */ = {isa = PBXBuildFile; fileRef = 30D7EBF51D7F5329007C2884 /* UserLocationStatus.swift */; };
		30D7EBF81D7F5353007C2884 /* CoreLocation.framework in Frameworks */ = {isa = PBXBuildFile; fileRef = 30D7EBF71D7F5353007C2884 /* CoreLocation.framework */; };
		30D7EBFE1D7F70E8007C2884 /* Alerter.swift in Sources */ = {isa = PBXBuildFile; fileRef = 30D7EBFD1D7F70E8007C2884 /* Alerter.swift */; };
		30D7EC001D7F859C007C2884 /* CLLocationCoordinate2D+Default.swift in Sources */ = {isa = PBXBuildFile; fileRef = 30D7EBFF1D7F859C007C2884 /* CLLocationCoordinate2D+Default.swift */; };
		30D7EC051D80B0D5007C2884 /* BBQDetailsTableViewController.swift in Sources */ = {isa = PBXBuildFile; fileRef = 30D7EC041D80B0D5007C2884 /* BBQDetailsTableViewController.swift */; };
		30D7EC071D80B14F007C2884 /* BBQDetailsInteractor.swift in Sources */ = {isa = PBXBuildFile; fileRef = 30D7EC061D80B14F007C2884 /* BBQDetailsInteractor.swift */; };
		30D7EC091D80B167007C2884 /* BBQDetailsPresenter.swift in Sources */ = {isa = PBXBuildFile; fileRef = 30D7EC081D80B167007C2884 /* BBQDetailsPresenter.swift */; };
		30D7EC0E1D8111C9007C2884 /* BBQDetailsDistanceViewCell.swift in Sources */ = {isa = PBXBuildFile; fileRef = 30D7EC0D1D8111C9007C2884 /* BBQDetailsDistanceViewCell.swift */; };
		30D7EC121D811596007C2884 /* BBQDetailsAmmenitiesViewCell.swift in Sources */ = {isa = PBXBuildFile; fileRef = 30D7EC111D811596007C2884 /* BBQDetailsAmmenitiesViewCell.swift */; };
		30D7EC141D8115CC007C2884 /* BBQDetailsAddressViewCell.swift in Sources */ = {isa = PBXBuildFile; fileRef = 30D7EC131D8115CC007C2884 /* BBQDetailsAddressViewCell.swift */; };
		30D7EC161D811681007C2884 /* BBQDetailsMapViewCell.swift in Sources */ = {isa = PBXBuildFile; fileRef = 30D7EC151D811681007C2884 /* BBQDetailsMapViewCell.swift */; };
		30E59F081D921ED9008643B5 /* AreasAcceptanceTests.swift in Sources */ = {isa = PBXBuildFile; fileRef = 30E59F071D921ED9008643B5 /* AreasAcceptanceTests.swift */; };
		30E59F0A1D922772008643B5 /* BBQModuleFactory.swift in Sources */ = {isa = PBXBuildFile; fileRef = 30E59F091D922772008643B5 /* BBQModuleFactory.swift */; };
		30F640981D86642E00E27A67 /* AppStyle.swift in Sources */ = {isa = PBXBuildFile; fileRef = 30F640971D86642E00E27A67 /* AppStyle.swift */; };
		30F6BF5C1D923340001509A2 /* Main.storyboard in Resources */ = {isa = PBXBuildFile; fileRef = 30C716E61D6C7E9F0085FFBD /* Main.storyboard */; };
		30F6BF5F1D92359B001509A2 /* SpyViewControllerFactory.swift in Sources */ = {isa = PBXBuildFile; fileRef = 30F6BF5E1D92359B001509A2 /* SpyViewControllerFactory.swift */; };
		30F6BF611D9235CA001509A2 /* SpyAreasViewController.swift in Sources */ = {isa = PBXBuildFile; fileRef = 30F6BF601D9235CA001509A2 /* SpyAreasViewController.swift */; };
		30F6BF631D92364A001509A2 /* AreasAcceptanceTestsHelper.swift in Sources */ = {isa = PBXBuildFile; fileRef = 30F6BF621D92364A001509A2 /* AreasAcceptanceTestsHelper.swift */; };
		3DA9BA03E1ADDE2AE71DD422 /* Pods_bbqFinder.framework in Frameworks */ = {isa = PBXBuildFile; fileRef = DE180710E616F6C00CD3C07B /* Pods_bbqFinder.framework */; };
		548BADCF25C719C2EDDE7E4D /* Pods_bbqFinderTests.framework in Frameworks */ = {isa = PBXBuildFile; fileRef = 4AE39A88C6D87A686C505E60 /* Pods_bbqFinderTests.framework */; };
/* End PBXBuildFile section */

/* Begin PBXContainerItemProxy section */
		30BB30531DC550A80087B2CA /* PBXContainerItemProxy */ = {
			isa = PBXContainerItemProxy;
			containerPortal = 30C716D71D6C7E9E0085FFBD /* Project object */;
			proxyType = 1;
			remoteGlobalIDString = 30C716DE1D6C7E9E0085FFBD;
			remoteInfo = bbqFinder;
		};
		30C716F41D6C7E9F0085FFBD /* PBXContainerItemProxy */ = {
			isa = PBXContainerItemProxy;
			containerPortal = 30C716D71D6C7E9E0085FFBD /* Project object */;
			proxyType = 1;
			remoteGlobalIDString = 30C716DE1D6C7E9E0085FFBD;
			remoteInfo = bbqFinder;
		};
/* End PBXContainerItemProxy section */

/* Begin PBXFileReference section */
		0F175D616D4E694D4E3928BE /* Pods-bbqFinderTests.debug.xcconfig */ = {isa = PBXFileReference; includeInIndex = 1; lastKnownFileType = text.xcconfig; name = "Pods-bbqFinderTests.debug.xcconfig"; path = "Pods/Target Support Files/Pods-bbqFinderTests/Pods-bbqFinderTests.debug.xcconfig"; sourceTree = "<group>"; };
		280DF157ACD55C0E945F8ADC /* Pods-bbqFinder.debug.xcconfig */ = {isa = PBXFileReference; includeInIndex = 1; lastKnownFileType = text.xcconfig; name = "Pods-bbqFinder.debug.xcconfig"; path = "Pods/Target Support Files/Pods-bbqFinder/Pods-bbqFinder.debug.xcconfig"; sourceTree = "<group>"; };
		3002BCE61D9E351B0068B2B6 /* bbqFinder.entitlements */ = {isa = PBXFileReference; lastKnownFileType = text.plist.entitlements; path = bbqFinder.entitlements; sourceTree = "<group>"; };
		3002BCE71D9F09BF0068B2B6 /* MapAnalyticsTracker.swift */ = {isa = PBXFileReference; fileEncoding = 4; lastKnownFileType = sourcecode.swift; path = MapAnalyticsTracker.swift; sourceTree = "<group>"; };
		3002BCE91D9F0E360068B2B6 /* BBQDetailsAnalyticsTracker.swift */ = {isa = PBXFileReference; fileEncoding = 4; lastKnownFileType = sourcecode.swift; path = BBQDetailsAnalyticsTracker.swift; sourceTree = "<group>"; };
		3002BCEC1D9F17A20068B2B6 /* StubAnalyticsTrackerFactory.swift */ = {isa = PBXFileReference; fileEncoding = 4; lastKnownFileType = sourcecode.swift; path = StubAnalyticsTrackerFactory.swift; sourceTree = "<group>"; };
		3002BCEE1D9FA5350068B2B6 /* BBQFinderConfiguration.swift */ = {isa = PBXFileReference; fileEncoding = 4; lastKnownFileType = sourcecode.swift; path = BBQFinderConfiguration.swift; sourceTree = "<group>"; };
		3002BCF11D9FE5140068B2B6 /* BBQDetailsPopoverViewController.swift */ = {isa = PBXFileReference; fileEncoding = 4; lastKnownFileType = sourcecode.swift; path = BBQDetailsPopoverViewController.swift; sourceTree = "<group>"; };
		301258791D9571F100E3F33E /* LocationDistance.swift */ = {isa = PBXFileReference; fileEncoding = 4; lastKnownFileType = sourcecode.swift; path = LocationDistance.swift; sourceTree = "<group>"; };
		3012587B1D96A6C200E3F33E /* LabelSpacing.swift */ = {isa = PBXFileReference; fileEncoding = 4; lastKnownFileType = sourcecode.swift; path = LabelSpacing.swift; sourceTree = "<group>"; };
		301258841D96AE5D00E3F33E /* SceneKit.framework */ = {isa = PBXFileReference; lastKnownFileType = wrapper.framework; name = SceneKit.framework; path = System/Library/Frameworks/SceneKit.framework; sourceTree = SDKROOT; };
		301258931D96CC9900E3F33E /* ButtonRounded.swift */ = {isa = PBXFileReference; fileEncoding = 4; lastKnownFileType = sourcecode.swift; path = ButtonRounded.swift; sourceTree = "<group>"; };
		301258BD1D97F86600E3F33E /* BallaratBBQs.swift */ = {isa = PBXFileReference; fileEncoding = 4; lastKnownFileType = sourcecode.swift; path = BallaratBBQs.swift; sourceTree = "<group>"; };
		301258BF1D97FECE00E3F33E /* Tasmania.swift */ = {isa = PBXFileReference; fileEncoding = 4; lastKnownFileType = sourcecode.swift; path = Tasmania.swift; sourceTree = "<group>"; };
		301C88F41D9D09C400AA1F15 /* BBQModelActions.swift */ = {isa = PBXFileReference; fileEncoding = 4; lastKnownFileType = sourcecode.swift; path = BBQModelActions.swift; sourceTree = "<group>"; };
		3030E31B1D7E061400647CFA /* BBQMapViewController.swift */ = {isa = PBXFileReference; fileEncoding = 4; lastKnownFileType = sourcecode.swift; path = BBQMapViewController.swift; sourceTree = "<group>"; };
		3030E31D1D7E070200647CFA /* MapKit.framework */ = {isa = PBXFileReference; lastKnownFileType = wrapper.framework; name = MapKit.framework; path = System/Library/Frameworks/MapKit.framework; sourceTree = SDKROOT; };
		3030E31F1D7E078200647CFA /* BBQMapView.swift */ = {isa = PBXFileReference; fileEncoding = 4; lastKnownFileType = sourcecode.swift; path = BBQMapView.swift; sourceTree = "<group>"; };
		3030E3231D7E6EDF00647CFA /* BBQMapInteractor.swift */ = {isa = PBXFileReference; fileEncoding = 4; lastKnownFileType = sourcecode.swift; path = BBQMapInteractor.swift; sourceTree = "<group>"; };
		3030E3251D7E717300647CFA /* BBQMapPresenter.swift */ = {isa = PBXFileReference; fileEncoding = 4; lastKnownFileType = sourcecode.swift; path = BBQMapPresenter.swift; sourceTree = "<group>"; };
		30432FF11DC13C3000637FDE /* TrackerId.swift */ = {isa = PBXFileReference; fileEncoding = 4; lastKnownFileType = sourcecode.swift; path = TrackerId.swift; sourceTree = "<group>"; };
		30432FF31DC13DCF00637FDE /* Flurry.h */ = {isa = PBXFileReference; fileEncoding = 4; lastKnownFileType = sourcecode.c.h; name = Flurry.h; path = Flurry/Flurry.h; sourceTree = SOURCE_ROOT; };
		30432FF41DC13DCF00637FDE /* libFlurry_7.8.0.a */ = {isa = PBXFileReference; lastKnownFileType = archive.ar; name = libFlurry_7.8.0.a; path = Flurry/libFlurry_7.8.0.a; sourceTree = SOURCE_ROOT; };
		30432FF71DC13E1A00637FDE /* FlurrySessionBuilder.h */ = {isa = PBXFileReference; lastKnownFileType = sourcecode.c.h; name = FlurrySessionBuilder.h; path = Flurry/FlurrySessionBuilder.h; sourceTree = SOURCE_ROOT; };
		305035371D938971002B7D1F /* AreaViewCell.xib */ = {isa = PBXFileReference; fileEncoding = 4; lastKnownFileType = file.xib; path = AreaViewCell.xib; sourceTree = "<group>"; };
		305035391D9389E4002B7D1F /* AreaTableViewCell.swift */ = {isa = PBXFileReference; fileEncoding = 4; lastKnownFileType = sourcecode.swift; path = AreaTableViewCell.swift; sourceTree = "<group>"; };
		3050353B1D93E974002B7D1F /* UILabel+CharacterSpacing.swift */ = {isa = PBXFileReference; fileEncoding = 4; lastKnownFileType = sourcecode.swift; path = "UILabel+CharacterSpacing.swift"; sourceTree = "<group>"; };
		305035451D948688002B7D1F /* AreasTableViewBackground.xib */ = {isa = PBXFileReference; fileEncoding = 4; lastKnownFileType = file.xib; path = AreasTableViewBackground.xib; sourceTree = "<group>"; };
		3050354D1D949A91002B7D1F /* BBQMapViewController.xib */ = {isa = PBXFileReference; fileEncoding = 4; lastKnownFileType = file.xib; path = BBQMapViewController.xib; sourceTree = "<group>"; };
		30671EF61DBA44F000E51639 /* BBQAddInteractor.swift */ = {isa = PBXFileReference; fileEncoding = 4; lastKnownFileType = sourcecode.swift; path = BBQAddInteractor.swift; sourceTree = "<group>"; };
		30671EF81DBA477600E51639 /* UserDefaultsStorage.swift */ = {isa = PBXFileReference; fileEncoding = 4; lastKnownFileType = sourcecode.swift; path = UserDefaultsStorage.swift; sourceTree = "<group>"; };
		30671EFA1DBA49BF00E51639 /* FakePersistenStorage.swift */ = {isa = PBXFileReference; fileEncoding = 4; lastKnownFileType = sourcecode.swift; path = FakePersistenStorage.swift; sourceTree = "<group>"; };
		30671EFC1DBA4C3000E51639 /* BBQPersistentStorage.swift */ = {isa = PBXFileReference; fileEncoding = 4; lastKnownFileType = sourcecode.swift; path = BBQPersistentStorage.swift; sourceTree = "<group>"; };
		30671F011DBAC07D00E51639 /* Dictionary+ValueForKeySubscript.swift */ = {isa = PBXFileReference; fileEncoding = 4; lastKnownFileType = sourcecode.swift; path = "Dictionary+ValueForKeySubscript.swift"; sourceTree = "<group>"; };
		30671F031DBAC3AA00E51639 /* README.md */ = {isa = PBXFileReference; fileEncoding = 4; lastKnownFileType = net.daringfireball.markdown; path = README.md; sourceTree = "<group>"; };
		30671F051DBAC59500E51639 /* AddBBQMapAnalyticsTracker.swift */ = {isa = PBXFileReference; fileEncoding = 4; lastKnownFileType = sourcecode.swift; path = AddBBQMapAnalyticsTracker.swift; sourceTree = "<group>"; };
		3070C9671D8A4F0C00A033A6 /* UserLocation.swift */ = {isa = PBXFileReference; fileEncoding = 4; lastKnownFileType = sourcecode.swift; path = UserLocation.swift; sourceTree = "<group>"; };
		3070C9691D8A5A1D00A033A6 /* LocationAddress.swift */ = {isa = PBXFileReference; fileEncoding = 4; lastKnownFileType = sourcecode.swift; path = LocationAddress.swift; sourceTree = "<group>"; };
		3070C96D1D8B491B00A033A6 /* AppleMapsApp.swift */ = {isa = PBXFileReference; fileEncoding = 4; lastKnownFileType = sourcecode.swift; path = AppleMapsApp.swift; sourceTree = "<group>"; };
		307D42831DBB8C02000E101B /* DeleteBBQInteractor.swift */ = {isa = PBXFileReference; fileEncoding = 4; lastKnownFileType = sourcecode.swift; path = DeleteBBQInteractor.swift; sourceTree = "<group>"; };
		307D42851DBC0B55000E101B /* BBQMapViewModel.swift */ = {isa = PBXFileReference; fileEncoding = 4; lastKnownFileType = sourcecode.swift; path = BBQMapViewModel.swift; sourceTree = "<group>"; };
		30807CB81DB301B6009890CE /* iAd.framework */ = {isa = PBXFileReference; lastKnownFileType = wrapper.framework; name = iAd.framework; path = System/Library/Frameworks/iAd.framework; sourceTree = SDKROOT; };
		308BF9DC1D9DC110007FA732 /* BBQAppleRouterActionFactory.swift */ = {isa = PBXFileReference; fileEncoding = 4; lastKnownFileType = sourcecode.swift; path = BBQAppleRouterActionFactory.swift; sourceTree = "<group>"; };
		308BF9E11D9DD17E007FA732 /* bbqFinder-Bridging-Header.h */ = {isa = PBXFileReference; lastKnownFileType = sourcecode.c.h; path = "bbqFinder-Bridging-Header.h"; sourceTree = "<group>"; };
		308BF9E61D9DD1EF007FA732 /* AnalyticsTrackerFactory.swift */ = {isa = PBXFileReference; fileEncoding = 4; lastKnownFileType = sourcecode.swift; path = AnalyticsTrackerFactory.swift; sourceTree = "<group>"; };
		308BF9E91D9DD329007FA732 /* AreasTracker.swift */ = {isa = PBXFileReference; fileEncoding = 4; lastKnownFileType = sourcecode.swift; path = AreasTracker.swift; sourceTree = "<group>"; };
		309D5FEE1DA791BF008BEC0E /* SystemConfiguration.framework */ = {isa = PBXFileReference; lastKnownFileType = wrapper.framework; name = SystemConfiguration.framework; path = System/Library/Frameworks/SystemConfiguration.framework; sourceTree = SDKROOT; };
		309D5FF01DA9A429008BEC0E /* TableView+AutoSizing.swift */ = {isa = PBXFileReference; fileEncoding = 4; lastKnownFileType = sourcecode.swift; path = "TableView+AutoSizing.swift"; sourceTree = "<group>"; };
		309D5FF21DA9AA4B008BEC0E /* TableView+RegisterCell.swift */ = {isa = PBXFileReference; fileEncoding = 4; lastKnownFileType = sourcecode.swift; path = "TableView+RegisterCell.swift"; sourceTree = "<group>"; };
		30A96CB31DB8EFFA000F8C15 /* AdBannerView.swift */ = {isa = PBXFileReference; fileEncoding = 4; lastKnownFileType = sourcecode.swift; path = AdBannerView.swift; sourceTree = "<group>"; };
		30A96CB61DB8FD0C000F8C15 /* BBQAddViewController.swift */ = {isa = PBXFileReference; fileEncoding = 4; lastKnownFileType = sourcecode.swift; path = BBQAddViewController.swift; sourceTree = "<group>"; };
		30AE272A1D98DD180044B6C4 /* AlphineShire.swift */ = {isa = PBXFileReference; fileEncoding = 4; lastKnownFileType = sourcecode.swift; path = AlphineShire.swift; sourceTree = "<group>"; };
		30AE272E1D9932C80044B6C4 /* Noosa.swift */ = {isa = PBXFileReference; fileEncoding = 4; lastKnownFileType = sourcecode.swift; path = Noosa.swift; sourceTree = "<group>"; };
		30AE27341D993A670044B6C4 /* GreaterDandenong.swift */ = {isa = PBXFileReference; fileEncoding = 4; lastKnownFileType = sourcecode.swift; path = GreaterDandenong.swift; sourceTree = "<group>"; };
		30AE27381D99421B0044B6C4 /* Canberra.swift */ = {isa = PBXFileReference; fileEncoding = 4; lastKnownFileType = sourcecode.swift; path = Canberra.swift; sourceTree = "<group>"; };
		30BB304E1DC550A80087B2CA /* BBQFinderUITests.xctest */ = {isa = PBXFileReference; explicitFileType = wrapper.cfbundle; includeInIndex = 0; path = BBQFinderUITests.xctest; sourceTree = BUILT_PRODUCTS_DIR; };
		30BB30501DC550A80087B2CA /* BBQFinderUITests.swift */ = {isa = PBXFileReference; lastKnownFileType = sourcecode.swift; path = BBQFinderUITests.swift; sourceTree = "<group>"; };
		30BB30521DC550A80087B2CA /* Info.plist */ = {isa = PBXFileReference; lastKnownFileType = text.plist.xml; path = Info.plist; sourceTree = "<group>"; };
		30BB30581DC550F20087B2CA /* SnapshotHelper.swift */ = {isa = PBXFileReference; fileEncoding = 4; lastKnownFileType = sourcecode.swift; name = SnapshotHelper.swift; path = fastlane/SnapshotHelper.swift; sourceTree = SOURCE_ROOT; };
		30C716DF1D6C7E9F0085FFBD /* bbqFinder.app */ = {isa = PBXFileReference; explicitFileType = wrapper.application; includeInIndex = 0; path = bbqFinder.app; sourceTree = BUILT_PRODUCTS_DIR; };
		30C716E21D6C7E9F0085FFBD /* AppDelegate.swift */ = {isa = PBXFileReference; lastKnownFileType = sourcecode.swift; path = AppDelegate.swift; sourceTree = "<group>"; };
		30C716E71D6C7E9F0085FFBD /* Base */ = {isa = PBXFileReference; lastKnownFileType = file.storyboard; name = Base; path = Base.lproj/Main.storyboard; sourceTree = "<group>"; };
		30C716E91D6C7E9F0085FFBD /* Assets.xcassets */ = {isa = PBXFileReference; lastKnownFileType = folder.assetcatalog; path = Assets.xcassets; sourceTree = "<group>"; };
		30C716EC1D6C7E9F0085FFBD /* Base */ = {isa = PBXFileReference; lastKnownFileType = file.storyboard; name = Base; path = Base.lproj/LaunchScreen.storyboard; sourceTree = "<group>"; };
		30C716EE1D6C7E9F0085FFBD /* Info.plist */ = {isa = PBXFileReference; lastKnownFileType = text.plist.xml; path = Info.plist; sourceTree = "<group>"; };
		30C716F31D6C7E9F0085FFBD /* bbqFinderTests.xctest */ = {isa = PBXFileReference; explicitFileType = wrapper.cfbundle; includeInIndex = 0; path = bbqFinderTests.xctest; sourceTree = BUILT_PRODUCTS_DIR; };
		30C716F91D6C7E9F0085FFBD /* Info.plist */ = {isa = PBXFileReference; lastKnownFileType = text.plist.xml; path = Info.plist; sourceTree = "<group>"; };
		30C717031D6C7F090085FFBD /* BBQViewControllerFactory.swift */ = {isa = PBXFileReference; fileEncoding = 4; lastKnownFileType = sourcecode.swift; path = BBQViewControllerFactory.swift; sourceTree = "<group>"; };
		30C717071D6C7F270085FFBD /* BBQAppRouter.swift */ = {isa = PBXFileReference; fileEncoding = 4; lastKnownFileType = sourcecode.swift; path = BBQAppRouter.swift; sourceTree = "<group>"; };
		30C717091D6C7FE50085FFBD /* AreasViewController.swift */ = {isa = PBXFileReference; fileEncoding = 4; lastKnownFileType = sourcecode.swift; path = AreasViewController.swift; sourceTree = "<group>"; };
		30C7170C1D6C84CF0085FFBD /* TableViewDataSource.swift */ = {isa = PBXFileReference; fileEncoding = 4; lastKnownFileType = sourcecode.swift; path = TableViewDataSource.swift; sourceTree = "<group>"; };
		30C7170E1D6C852B0085FFBD /* Array+Safe.swift */ = {isa = PBXFileReference; fileEncoding = 4; lastKnownFileType = sourcecode.swift; path = "Array+Safe.swift"; sourceTree = "<group>"; };
		30C717111D6C868E0085FFBD /* AreasPresenter.swift */ = {isa = PBXFileReference; fileEncoding = 4; lastKnownFileType = sourcecode.swift; path = AreasPresenter.swift; sourceTree = "<group>"; };
		30C717131D6C89250085FFBD /* AreasInteractor.swift */ = {isa = PBXFileReference; fileEncoding = 4; lastKnownFileType = sourcecode.swift; path = AreasInteractor.swift; sourceTree = "<group>"; };
		30D7EBEE1D7E9ACD007C2884 /* BBQs.swift */ = {isa = PBXFileReference; fileEncoding = 4; lastKnownFileType = sourcecode.swift; path = BBQs.swift; sourceTree = "<group>"; };
		30D7EBF11D7F4D97007C2884 /* MelbournBBQs.swift */ = {isa = PBXFileReference; fileEncoding = 4; lastKnownFileType = sourcecode.swift; path = MelbournBBQs.swift; sourceTree = "<group>"; };
		30D7EBF51D7F5329007C2884 /* UserLocationStatus.swift */ = {isa = PBXFileReference; fileEncoding = 4; lastKnownFileType = sourcecode.swift; path = UserLocationStatus.swift; sourceTree = "<group>"; };
		30D7EBF71D7F5353007C2884 /* CoreLocation.framework */ = {isa = PBXFileReference; lastKnownFileType = wrapper.framework; name = CoreLocation.framework; path = System/Library/Frameworks/CoreLocation.framework; sourceTree = SDKROOT; };
		30D7EBFD1D7F70E8007C2884 /* Alerter.swift */ = {isa = PBXFileReference; fileEncoding = 4; lastKnownFileType = sourcecode.swift; path = Alerter.swift; sourceTree = "<group>"; };
		30D7EBFF1D7F859C007C2884 /* CLLocationCoordinate2D+Default.swift */ = {isa = PBXFileReference; fileEncoding = 4; lastKnownFileType = sourcecode.swift; path = "CLLocationCoordinate2D+Default.swift"; sourceTree = "<group>"; };
		30D7EC041D80B0D5007C2884 /* BBQDetailsTableViewController.swift */ = {isa = PBXFileReference; fileEncoding = 4; lastKnownFileType = sourcecode.swift; path = BBQDetailsTableViewController.swift; sourceTree = "<group>"; };
		30D7EC061D80B14F007C2884 /* BBQDetailsInteractor.swift */ = {isa = PBXFileReference; fileEncoding = 4; lastKnownFileType = sourcecode.swift; path = BBQDetailsInteractor.swift; sourceTree = "<group>"; };
		30D7EC081D80B167007C2884 /* BBQDetailsPresenter.swift */ = {isa = PBXFileReference; fileEncoding = 4; lastKnownFileType = sourcecode.swift; path = BBQDetailsPresenter.swift; sourceTree = "<group>"; };
		30D7EC0D1D8111C9007C2884 /* BBQDetailsDistanceViewCell.swift */ = {isa = PBXFileReference; fileEncoding = 4; lastKnownFileType = sourcecode.swift; path = BBQDetailsDistanceViewCell.swift; sourceTree = "<group>"; };
		30D7EC111D811596007C2884 /* BBQDetailsAmmenitiesViewCell.swift */ = {isa = PBXFileReference; fileEncoding = 4; lastKnownFileType = sourcecode.swift; path = BBQDetailsAmmenitiesViewCell.swift; sourceTree = "<group>"; };
		30D7EC131D8115CC007C2884 /* BBQDetailsAddressViewCell.swift */ = {isa = PBXFileReference; fileEncoding = 4; lastKnownFileType = sourcecode.swift; path = BBQDetailsAddressViewCell.swift; sourceTree = "<group>"; };
		30D7EC151D811681007C2884 /* BBQDetailsMapViewCell.swift */ = {isa = PBXFileReference; fileEncoding = 4; lastKnownFileType = sourcecode.swift; path = BBQDetailsMapViewCell.swift; sourceTree = "<group>"; };
		30E59F071D921ED9008643B5 /* AreasAcceptanceTests.swift */ = {isa = PBXFileReference; fileEncoding = 4; lastKnownFileType = sourcecode.swift; path = AreasAcceptanceTests.swift; sourceTree = "<group>"; };
		30E59F091D922772008643B5 /* BBQModuleFactory.swift */ = {isa = PBXFileReference; fileEncoding = 4; lastKnownFileType = sourcecode.swift; path = BBQModuleFactory.swift; sourceTree = "<group>"; };
		30F640971D86642E00E27A67 /* AppStyle.swift */ = {isa = PBXFileReference; fileEncoding = 4; lastKnownFileType = sourcecode.swift; path = AppStyle.swift; sourceTree = "<group>"; };
		30F6BF5E1D92359B001509A2 /* SpyViewControllerFactory.swift */ = {isa = PBXFileReference; fileEncoding = 4; lastKnownFileType = sourcecode.swift; path = SpyViewControllerFactory.swift; sourceTree = "<group>"; };
		30F6BF601D9235CA001509A2 /* SpyAreasViewController.swift */ = {isa = PBXFileReference; fileEncoding = 4; lastKnownFileType = sourcecode.swift; path = SpyAreasViewController.swift; sourceTree = "<group>"; };
		30F6BF621D92364A001509A2 /* AreasAcceptanceTestsHelper.swift */ = {isa = PBXFileReference; fileEncoding = 4; lastKnownFileType = sourcecode.swift; path = AreasAcceptanceTestsHelper.swift; sourceTree = "<group>"; };
		4AE39A88C6D87A686C505E60 /* Pods_bbqFinderTests.framework */ = {isa = PBXFileReference; explicitFileType = wrapper.framework; includeInIndex = 0; path = Pods_bbqFinderTests.framework; sourceTree = BUILT_PRODUCTS_DIR; };
		50C16396CC77EAE0C2FCE01E /* Pods-bbqFinderTests.release.xcconfig */ = {isa = PBXFileReference; includeInIndex = 1; lastKnownFileType = text.xcconfig; name = "Pods-bbqFinderTests.release.xcconfig"; path = "Pods/Target Support Files/Pods-bbqFinderTests/Pods-bbqFinderTests.release.xcconfig"; sourceTree = "<group>"; };
		DE180710E616F6C00CD3C07B /* Pods_bbqFinder.framework */ = {isa = PBXFileReference; explicitFileType = wrapper.framework; includeInIndex = 0; path = Pods_bbqFinder.framework; sourceTree = BUILT_PRODUCTS_DIR; };
		E6EFDB97356BB8F7F4571EFD /* Pods-bbqFinder.release.xcconfig */ = {isa = PBXFileReference; includeInIndex = 1; lastKnownFileType = text.xcconfig; name = "Pods-bbqFinder.release.xcconfig"; path = "Pods/Target Support Files/Pods-bbqFinder/Pods-bbqFinder.release.xcconfig"; sourceTree = "<group>"; };
/* End PBXFileReference section */

/* Begin PBXFrameworksBuildPhase section */
		30BB304B1DC550A80087B2CA /* Frameworks */ = {
			isa = PBXFrameworksBuildPhase;
			buildActionMask = 2147483647;
			files = (
			);
			runOnlyForDeploymentPostprocessing = 0;
		};
		30C716DC1D6C7E9E0085FFBD /* Frameworks */ = {
			isa = PBXFrameworksBuildPhase;
			buildActionMask = 2147483647;
			files = (
				30432FF81DC145F200637FDE /* SystemConfiguration.framework in Frameworks */,
				30807CB91DB301B6009890CE /* iAd.framework in Frameworks */,
				30432FF51DC13DCF00637FDE /* libFlurry_7.8.0.a in Frameworks */,
				301258851D96AE5D00E3F33E /* SceneKit.framework in Frameworks */,
				30D7EBF81D7F5353007C2884 /* CoreLocation.framework in Frameworks */,
				3030E31E1D7E070200647CFA /* MapKit.framework in Frameworks */,
				3DA9BA03E1ADDE2AE71DD422 /* Pods_bbqFinder.framework in Frameworks */,
			);
			runOnlyForDeploymentPostprocessing = 0;
		};
		30C716F01D6C7E9F0085FFBD /* Frameworks */ = {
			isa = PBXFrameworksBuildPhase;
			buildActionMask = 2147483647;
			files = (
				548BADCF25C719C2EDDE7E4D /* Pods_bbqFinderTests.framework in Frameworks */,
			);
			runOnlyForDeploymentPostprocessing = 0;
		};
/* End PBXFrameworksBuildPhase section */

/* Begin PBXGroup section */
		3002BCEB1D9F17910068B2B6 /* Stubs */ = {
			isa = PBXGroup;
			children = (
				3002BCEC1D9F17A20068B2B6 /* StubAnalyticsTrackerFactory.swift */,
				30671EFA1DBA49BF00E51639 /* FakePersistenStorage.swift */,
			);
			name = Stubs;
			sourceTree = "<group>";
		};
		3002BCF01D9FE4CB0068B2B6 /* Bbq Details Popover */ = {
			isa = PBXGroup;
			children = (
				3002BCF11D9FE5140068B2B6 /* BBQDetailsPopoverViewController.swift */,
			);
			name = "Bbq Details Popover";
			sourceTree = "<group>";
		};
		3012587D1D96AB2B00E3F33E /* Labels */ = {
			isa = PBXGroup;
			children = (
				3012587B1D96A6C200E3F33E /* LabelSpacing.swift */,
			);
			name = Labels;
			sourceTree = "<group>";
		};
		301258921D96CC7F00E3F33E /* Buttons */ = {
			isa = PBXGroup;
			children = (
				301258931D96CC9900E3F33E /* ButtonRounded.swift */,
			);
			name = Buttons;
			sourceTree = "<group>";
		};
		3030E31A1D7E05E600647CFA /* Bbq Areas Map */ = {
			isa = PBXGroup;
			children = (
				305035471D949712002B7D1F /* Views */,
				3030E31B1D7E061400647CFA /* BBQMapViewController.swift */,
				3030E31F1D7E078200647CFA /* BBQMapView.swift */,
				3030E3251D7E717300647CFA /* BBQMapPresenter.swift */,
				3030E3231D7E6EDF00647CFA /* BBQMapInteractor.swift */,
				307D42851DBC0B55000E101B /* BBQMapViewModel.swift */,
			);
			name = "Bbq Areas Map";
			sourceTree = "<group>";
		};
		30432FF61DC13DD400637FDE /* Flurry */ = {
			isa = PBXGroup;
			children = (
				30432FF11DC13C3000637FDE /* TrackerId.swift */,
				30432FF71DC13E1A00637FDE /* FlurrySessionBuilder.h */,
				30432FF31DC13DCF00637FDE /* Flurry.h */,
				30432FF41DC13DCF00637FDE /* libFlurry_7.8.0.a */,
			);
			name = Flurry;
			sourceTree = "<group>";
		};
		305035401D948382002B7D1F /* Views */ = {
			isa = PBXGroup;
			children = (
				305035391D9389E4002B7D1F /* AreaTableViewCell.swift */,
				305035371D938971002B7D1F /* AreaViewCell.xib */,
				305035451D948688002B7D1F /* AreasTableViewBackground.xib */,
			);
			name = Views;
			sourceTree = "<group>";
		};
		305035471D949712002B7D1F /* Views */ = {
			isa = PBXGroup;
			children = (
				3050354D1D949A91002B7D1F /* BBQMapViewController.xib */,
				30A96CB31DB8EFFA000F8C15 /* AdBannerView.swift */,
			);
			name = Views;
			sourceTree = "<group>";
		};
		30671F001DBA566F00E51639 /* Storage */ = {
			isa = PBXGroup;
			children = (
				30671EF81DBA477600E51639 /* UserDefaultsStorage.swift */,
				30671EFC1DBA4C3000E51639 /* BBQPersistentStorage.swift */,
			);
			name = Storage;
			sourceTree = "<group>";
		};
		3070C96F1D8B491F00A033A6 /* Apple Maps */ = {
			isa = PBXGroup;
			children = (
				3070C96D1D8B491B00A033A6 /* AppleMapsApp.swift */,
			);
			name = "Apple Maps";
			sourceTree = "<group>";
		};
		308BF9E51D9DD1CA007FA732 /* Tracking */ = {
			isa = PBXGroup;
			children = (
				30432FF61DC13DD400637FDE /* Flurry */,
				308BF9E61D9DD1EF007FA732 /* AnalyticsTrackerFactory.swift */,
				308BF9E91D9DD329007FA732 /* AreasTracker.swift */,
				3002BCE71D9F09BF0068B2B6 /* MapAnalyticsTracker.swift */,
				3002BCE91D9F0E360068B2B6 /* BBQDetailsAnalyticsTracker.swift */,
				30671F051DBAC59500E51639 /* AddBBQMapAnalyticsTracker.swift */,
			);
			name = Tracking;
			sourceTree = "<group>";
		};
		309D5FE81DA770FD008BEC0E /* AB Testing */ = {
			isa = PBXGroup;
			children = (
				3002BCEE1D9FA5350068B2B6 /* BBQFinderConfiguration.swift */,
			);
			name = "AB Testing";
			sourceTree = "<group>";
		};
		30A81D541D89682800309158 /* App Style */ = {
			isa = PBXGroup;
			children = (
				30F640971D86642E00E27A67 /* AppStyle.swift */,
			);
			name = "App Style";
			sourceTree = "<group>";
		};
		30A96CB51DB8FB91000F8C15 /* Add Bbq */ = {
			isa = PBXGroup;
			children = (
				30A96CB61DB8FD0C000F8C15 /* BBQAddViewController.swift */,
				30671EF61DBA44F000E51639 /* BBQAddInteractor.swift */,
			);
			name = "Add Bbq";
			sourceTree = "<group>";
		};
		30BB304F1DC550A80087B2CA /* BBQFinderUITests */ = {
			isa = PBXGroup;
			children = (
				30BB30501DC550A80087B2CA /* BBQFinderUITests.swift */,
				30BB30581DC550F20087B2CA /* SnapshotHelper.swift */,
				30BB30521DC550A80087B2CA /* Info.plist */,
			);
			path = BBQFinderUITests;
			sourceTree = "<group>";
		};
		30C716D61D6C7E9E0085FFBD = {
			isa = PBXGroup;
			children = (
				30671F031DBAC3AA00E51639 /* README.md */,
				30C716E11D6C7E9F0085FFBD /* bbqFinder */,
				30D7EBFB1D7F6FEC007C2884 /* Frameworks */,
				30C716F61D6C7E9F0085FFBD /* bbqFinderTests */,
				30BB304F1DC550A80087B2CA /* BBQFinderUITests */,
				30C716E01D6C7E9F0085FFBD /* Products */,
				31F5A58C8701C5AAE5FEB646 /* Pods */,
			);
			sourceTree = "<group>";
		};
		30C716E01D6C7E9F0085FFBD /* Products */ = {
			isa = PBXGroup;
			children = (
				30C716DF1D6C7E9F0085FFBD /* bbqFinder.app */,
				30C716F31D6C7E9F0085FFBD /* bbqFinderTests.xctest */,
				30BB304E1DC550A80087B2CA /* BBQFinderUITests.xctest */,
			);
			name = Products;
			sourceTree = "<group>";
		};
		30C716E11D6C7E9F0085FFBD /* bbqFinder */ = {
			isa = PBXGroup;
			children = (
				3002BCE61D9E351B0068B2B6 /* bbqFinder.entitlements */,
				30C717051D6C7F0D0085FFBD /* Architecture */,
				30D7EBF01D7E9B27007C2884 /* BBQs Data */,
				30C717021D6C7EAD0085FFBD /* Area Selection */,
				30A96CB51DB8FB91000F8C15 /* Add Bbq */,
				3030E31A1D7E05E600647CFA /* Bbq Areas Map */,
				30D7EC011D7FBFC4007C2884 /* Bbq Details */,
				3002BCF01D9FE4CB0068B2B6 /* Bbq Details Popover */,
				30C716E21D6C7E9F0085FFBD /* AppDelegate.swift */,
				30C716E61D6C7E9F0085FFBD /* Main.storyboard */,
				30C716E91D6C7E9F0085FFBD /* Assets.xcassets */,
				30C716EB1D6C7E9F0085FFBD /* LaunchScreen.storyboard */,
				30C716EE1D6C7E9F0085FFBD /* Info.plist */,
				308BF9E11D9DD17E007FA732 /* bbqFinder-Bridging-Header.h */,
				30D7EBFA1D7F6FC5007C2884 /* Utils */,
			);
			path = bbqFinder;
			sourceTree = "<group>";
		};
		30C716F61D6C7E9F0085FFBD /* bbqFinderTests */ = {
			isa = PBXGroup;
			children = (
				30E59F061D921E78008643B5 /* AcceptanceTesting */,
				30C716F91D6C7E9F0085FFBD /* Info.plist */,
			);
			path = bbqFinderTests;
			sourceTree = "<group>";
		};
		30C717021D6C7EAD0085FFBD /* Area Selection */ = {
			isa = PBXGroup;
			children = (
				305035401D948382002B7D1F /* Views */,
				30C717091D6C7FE50085FFBD /* AreasViewController.swift */,
				30C717111D6C868E0085FFBD /* AreasPresenter.swift */,
				30C717131D6C89250085FFBD /* AreasInteractor.swift */,
			);
			name = "Area Selection";
			sourceTree = "<group>";
		};
		30C717051D6C7F0D0085FFBD /* Architecture */ = {
			isa = PBXGroup;
			children = (
				30C717071D6C7F270085FFBD /* BBQAppRouter.swift */,
				308BF9DC1D9DC110007FA732 /* BBQAppleRouterActionFactory.swift */,
				30E59F091D922772008643B5 /* BBQModuleFactory.swift */,
				30C717031D6C7F090085FFBD /* BBQViewControllerFactory.swift */,
				301C88F41D9D09C400AA1F15 /* BBQModelActions.swift */,
			);
			name = Architecture;
			sourceTree = "<group>";
		};
		30C7170B1D6C84B60085FFBD /* Table Data Source */ = {
			isa = PBXGroup;
			children = (
				30C7170C1D6C84CF0085FFBD /* TableViewDataSource.swift */,
			);
			name = "Table Data Source";
			sourceTree = "<group>";
		};
		30C717101D6C859A0085FFBD /* Extentions */ = {
			isa = PBXGroup;
			children = (
				30C7170E1D6C852B0085FFBD /* Array+Safe.swift */,
				30D7EBFF1D7F859C007C2884 /* CLLocationCoordinate2D+Default.swift */,
				3050353B1D93E974002B7D1F /* UILabel+CharacterSpacing.swift */,
				309D5FF01DA9A429008BEC0E /* TableView+AutoSizing.swift */,
				309D5FF21DA9AA4B008BEC0E /* TableView+RegisterCell.swift */,
				30671F011DBAC07D00E51639 /* Dictionary+ValueForKeySubscript.swift */,
			);
			name = Extentions;
			sourceTree = "<group>";
		};
		30D7EBF01D7E9B27007C2884 /* BBQs Data */ = {
			isa = PBXGroup;
			children = (
				30D7EBEE1D7E9ACD007C2884 /* BBQs.swift */,
				30D7EBF11D7F4D97007C2884 /* MelbournBBQs.swift */,
				301258BD1D97F86600E3F33E /* BallaratBBQs.swift */,
				301258BF1D97FECE00E3F33E /* Tasmania.swift */,
				30AE272A1D98DD180044B6C4 /* AlphineShire.swift */,
				30AE272E1D9932C80044B6C4 /* Noosa.swift */,
				30AE27341D993A670044B6C4 /* GreaterDandenong.swift */,
				30AE27381D99421B0044B6C4 /* Canberra.swift */,
			);
			name = "BBQs Data";
			sourceTree = "<group>";
		};
		30D7EBF91D7F6FB9007C2884 /* Location */ = {
			isa = PBXGroup;
			children = (
				30D7EBF51D7F5329007C2884 /* UserLocationStatus.swift */,
				3070C9671D8A4F0C00A033A6 /* UserLocation.swift */,
				3070C9691D8A5A1D00A033A6 /* LocationAddress.swift */,
				301258791D9571F100E3F33E /* LocationDistance.swift */,
			);
			name = Location;
			sourceTree = "<group>";
		};
		30D7EBFA1D7F6FC5007C2884 /* Utils */ = {
			isa = PBXGroup;
			children = (
				30671F001DBA566F00E51639 /* Storage */,
				309D5FE81DA770FD008BEC0E /* AB Testing */,
				308BF9E51D9DD1CA007FA732 /* Tracking */,
				301258921D96CC7F00E3F33E /* Buttons */,
				3012587D1D96AB2B00E3F33E /* Labels */,
				30A81D541D89682800309158 /* App Style */,
				30C717101D6C859A0085FFBD /* Extentions */,
				30C7170B1D6C84B60085FFBD /* Table Data Source */,
				30D7EBF91D7F6FB9007C2884 /* Location */,
				30D7EBFC1D7F70D2007C2884 /* Alerter */,
				3070C96F1D8B491F00A033A6 /* Apple Maps */,
			);
			name = Utils;
			sourceTree = "<group>";
		};
		30D7EBFB1D7F6FEC007C2884 /* Frameworks */ = {
			isa = PBXGroup;
			children = (
				30807CB81DB301B6009890CE /* iAd.framework */,
				309D5FEE1DA791BF008BEC0E /* SystemConfiguration.framework */,
				301258841D96AE5D00E3F33E /* SceneKit.framework */,
				30D7EBF71D7F5353007C2884 /* CoreLocation.framework */,
				3030E31D1D7E070200647CFA /* MapKit.framework */,
				DE180710E616F6C00CD3C07B /* Pods_bbqFinder.framework */,
				4AE39A88C6D87A686C505E60 /* Pods_bbqFinderTests.framework */,
			);
			name = Frameworks;
			path = bbqFinder;
			sourceTree = "<group>";
		};
		30D7EBFC1D7F70D2007C2884 /* Alerter */ = {
			isa = PBXGroup;
			children = (
				30D7EBFD1D7F70E8007C2884 /* Alerter.swift */,
			);
			name = Alerter;
			sourceTree = "<group>";
		};
		30D7EC011D7FBFC4007C2884 /* Bbq Details */ = {
			isa = PBXGroup;
			children = (
				30D7EC0A1D80D146007C2884 /* Views */,
				30D7EC041D80B0D5007C2884 /* BBQDetailsTableViewController.swift */,
				30D7EC081D80B167007C2884 /* BBQDetailsPresenter.swift */,
				30D7EC061D80B14F007C2884 /* BBQDetailsInteractor.swift */,
				307D42831DBB8C02000E101B /* DeleteBBQInteractor.swift */,
			);
			name = "Bbq Details";
			sourceTree = "<group>";
		};
		30D7EC0A1D80D146007C2884 /* Views */ = {
			isa = PBXGroup;
			children = (
				30D7EC151D811681007C2884 /* BBQDetailsMapViewCell.swift */,
				30D7EC0D1D8111C9007C2884 /* BBQDetailsDistanceViewCell.swift */,
				30D7EC111D811596007C2884 /* BBQDetailsAmmenitiesViewCell.swift */,
				30D7EC131D8115CC007C2884 /* BBQDetailsAddressViewCell.swift */,
			);
			name = Views;
			sourceTree = "<group>";
		};
		30E59F061D921E78008643B5 /* AcceptanceTesting */ = {
			isa = PBXGroup;
			children = (
				30E59F071D921ED9008643B5 /* AreasAcceptanceTests.swift */,
				30F6BF621D92364A001509A2 /* AreasAcceptanceTestsHelper.swift */,
				3002BCEB1D9F17910068B2B6 /* Stubs */,
				30F6BF5D1D923576001509A2 /* Spy Controllers */,
			);
			name = AcceptanceTesting;
			sourceTree = "<group>";
		};
		30F6BF5D1D923576001509A2 /* Spy Controllers */ = {
			isa = PBXGroup;
			children = (
				30F6BF5E1D92359B001509A2 /* SpyViewControllerFactory.swift */,
				30F6BF601D9235CA001509A2 /* SpyAreasViewController.swift */,
			);
			name = "Spy Controllers";
			sourceTree = "<group>";
		};
		31F5A58C8701C5AAE5FEB646 /* Pods */ = {
			isa = PBXGroup;
			children = (
				280DF157ACD55C0E945F8ADC /* Pods-bbqFinder.debug.xcconfig */,
				E6EFDB97356BB8F7F4571EFD /* Pods-bbqFinder.release.xcconfig */,
				0F175D616D4E694D4E3928BE /* Pods-bbqFinderTests.debug.xcconfig */,
				50C16396CC77EAE0C2FCE01E /* Pods-bbqFinderTests.release.xcconfig */,
			);
			name = Pods;
			sourceTree = "<group>";
		};
/* End PBXGroup section */

/* Begin PBXNativeTarget section */
		30BB304D1DC550A80087B2CA /* BBQFinderUITests */ = {
			isa = PBXNativeTarget;
			buildConfigurationList = 30BB30571DC550A80087B2CA /* Build configuration list for PBXNativeTarget "BBQFinderUITests" */;
			buildPhases = (
				30BB304A1DC550A80087B2CA /* Sources */,
				30BB304B1DC550A80087B2CA /* Frameworks */,
				30BB304C1DC550A80087B2CA /* Resources */,
			);
			buildRules = (
			);
			dependencies = (
				30BB30541DC550A80087B2CA /* PBXTargetDependency */,
			);
			name = BBQFinderUITests;
			productName = BBQFinderUITests;
			productReference = 30BB304E1DC550A80087B2CA /* BBQFinderUITests.xctest */;
			productType = "com.apple.product-type.bundle.ui-testing";
		};
		30C716DE1D6C7E9E0085FFBD /* bbqFinder */ = {
			isa = PBXNativeTarget;
			buildConfigurationList = 30C716FC1D6C7E9F0085FFBD /* Build configuration list for PBXNativeTarget "bbqFinder" */;
			buildPhases = (
				89AF9F4D576FD79879BF9EA0 /* [CP] Check Pods Manifest.lock */,
				30C716DB1D6C7E9E0085FFBD /* Sources */,
				30C716DC1D6C7E9E0085FFBD /* Frameworks */,
				30C716DD1D6C7E9E0085FFBD /* Resources */,
				325BF0F9BB4D45667BABEF6A /* [CP] Embed Pods Frameworks */,
				BCF85090B0BD34DA611D12B2 /* [CP] Copy Pods Resources */,
			);
			buildRules = (
			);
			dependencies = (
			);
			name = bbqFinder;
			productName = bbqFinder;
			productReference = 30C716DF1D6C7E9F0085FFBD /* bbqFinder.app */;
			productType = "com.apple.product-type.application";
		};
		30C716F21D6C7E9F0085FFBD /* bbqFinderTests */ = {
			isa = PBXNativeTarget;
			buildConfigurationList = 30C716FF1D6C7E9F0085FFBD /* Build configuration list for PBXNativeTarget "bbqFinderTests" */;
			buildPhases = (
				C016BCF5F74F26CFF938EAFB /* [CP] Check Pods Manifest.lock */,
				30C716EF1D6C7E9F0085FFBD /* Sources */,
				30C716F01D6C7E9F0085FFBD /* Frameworks */,
				30C716F11D6C7E9F0085FFBD /* Resources */,
				ED36F2B50B46AA2F9CD61644 /* [CP] Embed Pods Frameworks */,
				5B36A9A85BBE1AD1C3F144CB /* [CP] Copy Pods Resources */,
			);
			buildRules = (
			);
			dependencies = (
				30C716F51D6C7E9F0085FFBD /* PBXTargetDependency */,
			);
			name = bbqFinderTests;
			productName = bbqFinderTests;
			productReference = 30C716F31D6C7E9F0085FFBD /* bbqFinderTests.xctest */;
			productType = "com.apple.product-type.bundle.unit-test";
		};
/* End PBXNativeTarget section */

/* Begin PBXProject section */
		30C716D71D6C7E9E0085FFBD /* Project object */ = {
			isa = PBXProject;
			attributes = {
				LastSwiftUpdateCheck = 0800;
				LastUpgradeCheck = 0800;
				ORGANIZATIONNAME = RichardMoult;
				TargetAttributes = {
					30BB304D1DC550A80087B2CA = {
						CreatedOnToolsVersion = 8.0;
						ProvisioningStyle = Automatic;
						TestTargetID = 30C716DE1D6C7E9E0085FFBD;
					};
					30C716DE1D6C7E9E0085FFBD = {
						CreatedOnToolsVersion = 7.3;
						DevelopmentTeam = 7HG6PP7Q5J;
						LastSwiftMigration = 0800;
						SystemCapabilities = {
							com.apple.Keychain = {
								enabled = 1;
							};
							com.apple.Push = {
								enabled = 1;
							};
						};
					};
					30C716F21D6C7E9F0085FFBD = {
						CreatedOnToolsVersion = 7.3;
						LastSwiftMigration = 0800;
						TestTargetID = 30C716DE1D6C7E9E0085FFBD;
					};
				};
			};
			buildConfigurationList = 30C716DA1D6C7E9E0085FFBD /* Build configuration list for PBXProject "bbqFinder" */;
			compatibilityVersion = "Xcode 3.2";
			developmentRegion = English;
			hasScannedForEncodings = 0;
			knownRegions = (
				en,
				Base,
			);
			mainGroup = 30C716D61D6C7E9E0085FFBD;
			productRefGroup = 30C716E01D6C7E9F0085FFBD /* Products */;
			projectDirPath = "";
			projectRoot = "";
			targets = (
				30C716DE1D6C7E9E0085FFBD /* bbqFinder */,
				30C716F21D6C7E9F0085FFBD /* bbqFinderTests */,
				30BB304D1DC550A80087B2CA /* BBQFinderUITests */,
			);
		};
/* End PBXProject section */

/* Begin PBXResourcesBuildPhase section */
		30BB304C1DC550A80087B2CA /* Resources */ = {
			isa = PBXResourcesBuildPhase;
			buildActionMask = 2147483647;
			files = (
			);
			runOnlyForDeploymentPostprocessing = 0;
		};
		30C716DD1D6C7E9E0085FFBD /* Resources */ = {
			isa = PBXResourcesBuildPhase;
			buildActionMask = 2147483647;
			files = (
				30C716ED1D6C7E9F0085FFBD /* LaunchScreen.storyboard in Resources */,
				305035381D938971002B7D1F /* AreaViewCell.xib in Resources */,
				305035461D948688002B7D1F /* AreasTableViewBackground.xib in Resources */,
				30C716EA1D6C7E9F0085FFBD /* Assets.xcassets in Resources */,
				3050354F1D949A91002B7D1F /* BBQMapViewController.xib in Resources */,
				30C716E81D6C7E9F0085FFBD /* Main.storyboard in Resources */,
			);
			runOnlyForDeploymentPostprocessing = 0;
		};
		30C716F11D6C7E9F0085FFBD /* Resources */ = {
			isa = PBXResourcesBuildPhase;
			buildActionMask = 2147483647;
			files = (
				30F6BF5C1D923340001509A2 /* Main.storyboard in Resources */,
			);
			runOnlyForDeploymentPostprocessing = 0;
		};
/* End PBXResourcesBuildPhase section */

/* Begin PBXShellScriptBuildPhase section */
		325BF0F9BB4D45667BABEF6A /* [CP] Embed Pods Frameworks */ = {
			isa = PBXShellScriptBuildPhase;
			buildActionMask = 2147483647;
			files = (
			);
			inputPaths = (
			);
			name = "[CP] Embed Pods Frameworks";
			outputPaths = (
			);
			runOnlyForDeploymentPostprocessing = 0;
			shellPath = /bin/sh;
			shellScript = "\"${SRCROOT}/Pods/Target Support Files/Pods-bbqFinder/Pods-bbqFinder-frameworks.sh\"\n";
			showEnvVarsInLog = 0;
		};
		5B36A9A85BBE1AD1C3F144CB /* [CP] Copy Pods Resources */ = {
			isa = PBXShellScriptBuildPhase;
			buildActionMask = 2147483647;
			files = (
			);
			inputPaths = (
			);
			name = "[CP] Copy Pods Resources";
			outputPaths = (
			);
			runOnlyForDeploymentPostprocessing = 0;
			shellPath = /bin/sh;
			shellScript = "\"${SRCROOT}/Pods/Target Support Files/Pods-bbqFinderTests/Pods-bbqFinderTests-resources.sh\"\n";
			showEnvVarsInLog = 0;
		};
		89AF9F4D576FD79879BF9EA0 /* [CP] Check Pods Manifest.lock */ = {
			isa = PBXShellScriptBuildPhase;
			buildActionMask = 2147483647;
			files = (
			);
			inputPaths = (
			);
			name = "[CP] Check Pods Manifest.lock";
			outputPaths = (
			);
			runOnlyForDeploymentPostprocessing = 0;
			shellPath = /bin/sh;
			shellScript = "diff \"${PODS_ROOT}/../Podfile.lock\" \"${PODS_ROOT}/Manifest.lock\" > /dev/null\nif [[ $? != 0 ]] ; then\n    cat << EOM\nerror: The sandbox is not in sync with the Podfile.lock. Run 'pod install' or update your CocoaPods installation.\nEOM\n    exit 1\nfi\n";
			showEnvVarsInLog = 0;
		};
		BCF85090B0BD34DA611D12B2 /* [CP] Copy Pods Resources */ = {
			isa = PBXShellScriptBuildPhase;
			buildActionMask = 2147483647;
			files = (
			);
			inputPaths = (
			);
			name = "[CP] Copy Pods Resources";
			outputPaths = (
			);
			runOnlyForDeploymentPostprocessing = 0;
			shellPath = /bin/sh;
			shellScript = "\"${SRCROOT}/Pods/Target Support Files/Pods-bbqFinder/Pods-bbqFinder-resources.sh\"\n";
			showEnvVarsInLog = 0;
		};
		C016BCF5F74F26CFF938EAFB /* [CP] Check Pods Manifest.lock */ = {
			isa = PBXShellScriptBuildPhase;
			buildActionMask = 2147483647;
			files = (
			);
			inputPaths = (
			);
			name = "[CP] Check Pods Manifest.lock";
			outputPaths = (
			);
			runOnlyForDeploymentPostprocessing = 0;
			shellPath = /bin/sh;
			shellScript = "diff \"${PODS_ROOT}/../Podfile.lock\" \"${PODS_ROOT}/Manifest.lock\" > /dev/null\nif [[ $? != 0 ]] ; then\n    cat << EOM\nerror: The sandbox is not in sync with the Podfile.lock. Run 'pod install' or update your CocoaPods installation.\nEOM\n    exit 1\nfi\n";
			showEnvVarsInLog = 0;
		};
		ED36F2B50B46AA2F9CD61644 /* [CP] Embed Pods Frameworks */ = {
			isa = PBXShellScriptBuildPhase;
			buildActionMask = 2147483647;
			files = (
			);
			inputPaths = (
			);
			name = "[CP] Embed Pods Frameworks";
			outputPaths = (
			);
			runOnlyForDeploymentPostprocessing = 0;
			shellPath = /bin/sh;
			shellScript = "\"${SRCROOT}/Pods/Target Support Files/Pods-bbqFinderTests/Pods-bbqFinderTests-frameworks.sh\"\n";
			showEnvVarsInLog = 0;
		};
/* End PBXShellScriptBuildPhase section */

/* Begin PBXSourcesBuildPhase section */
		30BB304A1DC550A80087B2CA /* Sources */ = {
			isa = PBXSourcesBuildPhase;
			buildActionMask = 2147483647;
			files = (
				30BB30511DC550A80087B2CA /* BBQFinderUITests.swift in Sources */,
				30BB30591DC550F20087B2CA /* SnapshotHelper.swift in Sources */,
			);
			runOnlyForDeploymentPostprocessing = 0;
		};
		30C716DB1D6C7E9E0085FFBD /* Sources */ = {
			isa = PBXSourcesBuildPhase;
			buildActionMask = 2147483647;
			files = (
				30C717081D6C7F270085FFBD /* BBQAppRouter.swift in Sources */,
				3070C96A1D8A5A1D00A033A6 /* LocationAddress.swift in Sources */,
				3012587C1D96A6C200E3F33E /* LabelSpacing.swift in Sources */,
				309D5FF11DA9A429008BEC0E /* TableView+AutoSizing.swift in Sources */,
				3050353C1D93E974002B7D1F /* UILabel+CharacterSpacing.swift in Sources */,
				3070C9681D8A4F0C00A033A6 /* UserLocation.swift in Sources */,
				309D5FF31DA9AA4B008BEC0E /* TableView+RegisterCell.swift in Sources */,
				30C717041D6C7F090085FFBD /* BBQViewControllerFactory.swift in Sources */,
				3002BCEF1D9FA5350068B2B6 /* BBQFinderConfiguration.swift in Sources */,
				30D7EC051D80B0D5007C2884 /* BBQDetailsTableViewController.swift in Sources */,
				30671EF91DBA477600E51639 /* UserDefaultsStorage.swift in Sources */,
				30D7EC141D8115CC007C2884 /* BBQDetailsAddressViewCell.swift in Sources */,
				30AE272B1D98DD180044B6C4 /* AlphineShire.swift in Sources */,
				30671F021DBAC07D00E51639 /* Dictionary+ValueForKeySubscript.swift in Sources */,
				30D7EC091D80B167007C2884 /* BBQDetailsPresenter.swift in Sources */,
				307D42861DBC0B55000E101B /* BBQMapViewModel.swift in Sources */,
				301258BE1D97F86600E3F33E /* BallaratBBQs.swift in Sources */,
				308BF9E71D9DD1EF007FA732 /* AnalyticsTrackerFactory.swift in Sources */,
				30C717141D6C89250085FFBD /* AreasInteractor.swift in Sources */,
				30D7EBF21D7F4D97007C2884 /* MelbournBBQs.swift in Sources */,
				3012587A1D9571F100E3F33E /* LocationDistance.swift in Sources */,
				30D7EBF61D7F5329007C2884 /* UserLocationStatus.swift in Sources */,
				30C7170A1D6C7FE50085FFBD /* AreasViewController.swift in Sources */,
				3050353A1D9389E4002B7D1F /* AreaTableViewCell.swift in Sources */,
				30E59F0A1D922772008643B5 /* BBQModuleFactory.swift in Sources */,
				30AE272F1D9932C80044B6C4 /* Noosa.swift in Sources */,
				30671EFD1DBA4C3000E51639 /* BBQPersistentStorage.swift in Sources */,
				3002BCF21D9FE5140068B2B6 /* BBQDetailsPopoverViewController.swift in Sources */,
				3030E3261D7E717300647CFA /* BBQMapPresenter.swift in Sources */,
				301258941D96CC9900E3F33E /* ButtonRounded.swift in Sources */,
				301258C01D97FECE00E3F33E /* Tasmania.swift in Sources */,
				30C7170F1D6C852B0085FFBD /* Array+Safe.swift in Sources */,
				30AE27391D99421B0044B6C4 /* Canberra.swift in Sources */,
				30D7EBFE1D7F70E8007C2884 /* Alerter.swift in Sources */,
				30A96CB71DB8FD0C000F8C15 /* BBQAddViewController.swift in Sources */,
				30D7EC161D811681007C2884 /* BBQDetailsMapViewCell.swift in Sources */,
				3030E3201D7E078200647CFA /* BBQMapView.swift in Sources */,
				307D42841DBB8C02000E101B /* DeleteBBQInteractor.swift in Sources */,
				308BF9EA1D9DD329007FA732 /* AreasTracker.swift in Sources */,
				30AE27351D993A670044B6C4 /* GreaterDandenong.swift in Sources */,
				30D7EC071D80B14F007C2884 /* BBQDetailsInteractor.swift in Sources */,
				30D7EBEF1D7E9ACD007C2884 /* BBQs.swift in Sources */,
				30D7EC0E1D8111C9007C2884 /* BBQDetailsDistanceViewCell.swift in Sources */,
				301C88F51D9D09C400AA1F15 /* BBQModelActions.swift in Sources */,
				3030E31C1D7E061400647CFA /* BBQMapViewController.swift in Sources */,
				3070C96E1D8B491B00A033A6 /* AppleMapsApp.swift in Sources */,
				30671EF71DBA44F000E51639 /* BBQAddInteractor.swift in Sources */,
				30432FF21DC13C3000637FDE /* TrackerId.swift in Sources */,
				30C7170D1D6C84CF0085FFBD /* TableViewDataSource.swift in Sources */,
				30C716E31D6C7E9F0085FFBD /* AppDelegate.swift in Sources */,
				3002BCEA1D9F0E360068B2B6 /* BBQDetailsAnalyticsTracker.swift in Sources */,
				30D7EC121D811596007C2884 /* BBQDetailsAmmenitiesViewCell.swift in Sources */,
				308BF9DD1D9DC110007FA732 /* BBQAppleRouterActionFactory.swift in Sources */,
				30A96CB41DB8EFFA000F8C15 /* AdBannerView.swift in Sources */,
				30C717121D6C868E0085FFBD /* AreasPresenter.swift in Sources */,
				3030E3241D7E6EDF00647CFA /* BBQMapInteractor.swift in Sources */,
				30D7EC001D7F859C007C2884 /* CLLocationCoordinate2D+Default.swift in Sources */,
				30F640981D86642E00E27A67 /* AppStyle.swift in Sources */,
				30671F061DBAC59500E51639 /* AddBBQMapAnalyticsTracker.swift in Sources */,
				3002BCE81D9F09BF0068B2B6 /* MapAnalyticsTracker.swift in Sources */,
			);
			runOnlyForDeploymentPostprocessing = 0;
		};
		30C716EF1D6C7E9F0085FFBD /* Sources */ = {
			isa = PBXSourcesBuildPhase;
			buildActionMask = 2147483647;
			files = (
				3002BCED1D9F17A20068B2B6 /* StubAnalyticsTrackerFactory.swift in Sources */,
				30671EFB1DBA49BF00E51639 /* FakePersistenStorage.swift in Sources */,
				30E59F081D921ED9008643B5 /* AreasAcceptanceTests.swift in Sources */,
				30F6BF611D9235CA001509A2 /* SpyAreasViewController.swift in Sources */,
				30F6BF5F1D92359B001509A2 /* SpyViewControllerFactory.swift in Sources */,
				30F6BF631D92364A001509A2 /* AreasAcceptanceTestsHelper.swift in Sources */,
			);
			runOnlyForDeploymentPostprocessing = 0;
		};
/* End PBXSourcesBuildPhase section */

/* Begin PBXTargetDependency section */
		30BB30541DC550A80087B2CA /* PBXTargetDependency */ = {
			isa = PBXTargetDependency;
			target = 30C716DE1D6C7E9E0085FFBD /* bbqFinder */;
			targetProxy = 30BB30531DC550A80087B2CA /* PBXContainerItemProxy */;
		};
		30C716F51D6C7E9F0085FFBD /* PBXTargetDependency */ = {
			isa = PBXTargetDependency;
			target = 30C716DE1D6C7E9E0085FFBD /* bbqFinder */;
			targetProxy = 30C716F41D6C7E9F0085FFBD /* PBXContainerItemProxy */;
		};
/* End PBXTargetDependency section */

/* Begin PBXVariantGroup section */
		30C716E61D6C7E9F0085FFBD /* Main.storyboard */ = {
			isa = PBXVariantGroup;
			children = (
				30C716E71D6C7E9F0085FFBD /* Base */,
			);
			name = Main.storyboard;
			sourceTree = "<group>";
		};
		30C716EB1D6C7E9F0085FFBD /* LaunchScreen.storyboard */ = {
			isa = PBXVariantGroup;
			children = (
				30C716EC1D6C7E9F0085FFBD /* Base */,
			);
			name = LaunchScreen.storyboard;
			sourceTree = "<group>";
		};
/* End PBXVariantGroup section */

/* Begin XCBuildConfiguration section */
		30BB30551DC550A80087B2CA /* Debug */ = {
			isa = XCBuildConfiguration;
			buildSettings = {
				CLANG_WARN_DOCUMENTATION_COMMENTS = YES;
				CLANG_WARN_SUSPICIOUS_MOVES = YES;
				INFOPLIST_FILE = BBQFinderUITests/Info.plist;
				IPHONEOS_DEPLOYMENT_TARGET = 10.0;
				LD_RUNPATH_SEARCH_PATHS = "$(inherited) @executable_path/Frameworks @loader_path/Frameworks";
				PRODUCT_BUNDLE_IDENTIFIER = com.trickysquirrel.BBQFinderUITests;
				PRODUCT_NAME = "$(TARGET_NAME)";
				SWIFT_ACTIVE_COMPILATION_CONDITIONS = DEBUG;
				SWIFT_VERSION = 3.0;
				TEST_TARGET_NAME = bbqFinder;
			};
			name = Debug;
		};
		30BB30561DC550A80087B2CA /* Release */ = {
			isa = XCBuildConfiguration;
			buildSettings = {
				CLANG_WARN_DOCUMENTATION_COMMENTS = YES;
				CLANG_WARN_SUSPICIOUS_MOVES = YES;
				INFOPLIST_FILE = BBQFinderUITests/Info.plist;
				IPHONEOS_DEPLOYMENT_TARGET = 10.0;
				LD_RUNPATH_SEARCH_PATHS = "$(inherited) @executable_path/Frameworks @loader_path/Frameworks";
				PRODUCT_BUNDLE_IDENTIFIER = com.trickysquirrel.BBQFinderUITests;
				PRODUCT_NAME = "$(TARGET_NAME)";
				SWIFT_VERSION = 3.0;
				TEST_TARGET_NAME = bbqFinder;
			};
			name = Release;
		};
		30C716FA1D6C7E9F0085FFBD /* Debug */ = {
			isa = XCBuildConfiguration;
			buildSettings = {
				ALWAYS_SEARCH_USER_PATHS = NO;
				CLANG_ANALYZER_NONNULL = YES;
				CLANG_CXX_LANGUAGE_STANDARD = "gnu++0x";
				CLANG_CXX_LIBRARY = "libc++";
				CLANG_ENABLE_MODULES = YES;
				CLANG_ENABLE_OBJC_ARC = YES;
				CLANG_WARN_BOOL_CONVERSION = YES;
				CLANG_WARN_CONSTANT_CONVERSION = YES;
				CLANG_WARN_DIRECT_OBJC_ISA_USAGE = YES_ERROR;
				CLANG_WARN_EMPTY_BODY = YES;
				CLANG_WARN_ENUM_CONVERSION = YES;
				CLANG_WARN_INFINITE_RECURSION = YES;
				CLANG_WARN_INT_CONVERSION = YES;
				CLANG_WARN_OBJC_ROOT_CLASS = YES_ERROR;
				CLANG_WARN_SUSPICIOUS_MOVE = YES;
				CLANG_WARN_UNREACHABLE_CODE = YES;
				CLANG_WARN__DUPLICATE_METHOD_MATCH = YES;
				"CODE_SIGN_IDENTITY[sdk=iphoneos*]" = "iPhone Developer";
				COPY_PHASE_STRIP = NO;
				DEBUG_INFORMATION_FORMAT = dwarf;
				ENABLE_STRICT_OBJC_MSGSEND = YES;
				ENABLE_TESTABILITY = YES;
				GCC_C_LANGUAGE_STANDARD = gnu99;
				GCC_DYNAMIC_NO_PIC = NO;
				GCC_NO_COMMON_BLOCKS = YES;
				GCC_OPTIMIZATION_LEVEL = 0;
				GCC_PREPROCESSOR_DEFINITIONS = (
					"DEBUG=1",
					"$(inherited)",
				);
				GCC_WARN_64_TO_32_BIT_CONVERSION = YES;
				GCC_WARN_ABOUT_RETURN_TYPE = YES_ERROR;
				GCC_WARN_UNDECLARED_SELECTOR = YES;
				GCC_WARN_UNINITIALIZED_AUTOS = YES_AGGRESSIVE;
				GCC_WARN_UNUSED_FUNCTION = YES;
				GCC_WARN_UNUSED_VARIABLE = YES;
				IPHONEOS_DEPLOYMENT_TARGET = 9.3;
				MTL_ENABLE_DEBUG_INFO = YES;
				ONLY_ACTIVE_ARCH = YES;
				SDKROOT = iphoneos;
				SWIFT_OPTIMIZATION_LEVEL = "-Onone";
				TARGETED_DEVICE_FAMILY = "1,2";
			};
			name = Debug;
		};
		30C716FB1D6C7E9F0085FFBD /* Release */ = {
			isa = XCBuildConfiguration;
			buildSettings = {
				ALWAYS_SEARCH_USER_PATHS = NO;
				CLANG_ANALYZER_NONNULL = YES;
				CLANG_CXX_LANGUAGE_STANDARD = "gnu++0x";
				CLANG_CXX_LIBRARY = "libc++";
				CLANG_ENABLE_MODULES = YES;
				CLANG_ENABLE_OBJC_ARC = YES;
				CLANG_WARN_BOOL_CONVERSION = YES;
				CLANG_WARN_CONSTANT_CONVERSION = YES;
				CLANG_WARN_DIRECT_OBJC_ISA_USAGE = YES_ERROR;
				CLANG_WARN_EMPTY_BODY = YES;
				CLANG_WARN_ENUM_CONVERSION = YES;
				CLANG_WARN_INFINITE_RECURSION = YES;
				CLANG_WARN_INT_CONVERSION = YES;
				CLANG_WARN_OBJC_ROOT_CLASS = YES_ERROR;
				CLANG_WARN_SUSPICIOUS_MOVE = YES;
				CLANG_WARN_UNREACHABLE_CODE = YES;
				CLANG_WARN__DUPLICATE_METHOD_MATCH = YES;
				"CODE_SIGN_IDENTITY[sdk=iphoneos*]" = "iPhone Developer";
				COPY_PHASE_STRIP = NO;
				DEBUG_INFORMATION_FORMAT = "dwarf-with-dsym";
				ENABLE_NS_ASSERTIONS = NO;
				ENABLE_STRICT_OBJC_MSGSEND = YES;
				GCC_C_LANGUAGE_STANDARD = gnu99;
				GCC_NO_COMMON_BLOCKS = YES;
				GCC_WARN_64_TO_32_BIT_CONVERSION = YES;
				GCC_WARN_ABOUT_RETURN_TYPE = YES_ERROR;
				GCC_WARN_UNDECLARED_SELECTOR = YES;
				GCC_WARN_UNINITIALIZED_AUTOS = YES_AGGRESSIVE;
				GCC_WARN_UNUSED_FUNCTION = YES;
				GCC_WARN_UNUSED_VARIABLE = YES;
				IPHONEOS_DEPLOYMENT_TARGET = 9.3;
				MTL_ENABLE_DEBUG_INFO = NO;
				SDKROOT = iphoneos;
				SWIFT_OPTIMIZATION_LEVEL = "-Owholemodule";
				TARGETED_DEVICE_FAMILY = "1,2";
				VALIDATE_PRODUCT = YES;
			};
			name = Release;
		};
		30C716FD1D6C7E9F0085FFBD /* Debug */ = {
			isa = XCBuildConfiguration;
			baseConfigurationReference = 280DF157ACD55C0E945F8ADC /* Pods-bbqFinder.debug.xcconfig */;
			buildSettings = {
				ASSETCATALOG_COMPILER_APPICON_NAME = AppIcon;
				CLANG_ENABLE_MODULES = YES;
				CODE_SIGN_ENTITLEMENTS = bbqFinder/bbqFinder.entitlements;
				DEVELOPMENT_TEAM = 7HG6PP7Q5J;
				INFOPLIST_FILE = bbqFinder/Info.plist;
				LD_RUNPATH_SEARCH_PATHS = "$(inherited) @executable_path/Frameworks";
				LIBRARY_SEARCH_PATHS = (
					"$(inherited)",
					"$(PROJECT_DIR)/Flurry",
				);
				PRODUCT_BUNDLE_IDENTIFIER = com.trickysquirrel.bbqFinder;
				PRODUCT_NAME = "$(TARGET_NAME)";
				SWIFT_OBJC_BRIDGING_HEADER = "bbqFinder/bbqFinder-Bridging-Header.h";
				SWIFT_OPTIMIZATION_LEVEL = "-Onone";
				SWIFT_VERSION = 3.0;
			};
			name = Debug;
		};
		30C716FE1D6C7E9F0085FFBD /* Release */ = {
			isa = XCBuildConfiguration;
			baseConfigurationReference = E6EFDB97356BB8F7F4571EFD /* Pods-bbqFinder.release.xcconfig */;
			buildSettings = {
				ASSETCATALOG_COMPILER_APPICON_NAME = AppIcon;
				CLANG_ENABLE_MODULES = YES;
				CODE_SIGN_ENTITLEMENTS = bbqFinder/bbqFinder.entitlements;
				DEVELOPMENT_TEAM = 7HG6PP7Q5J;
				INFOPLIST_FILE = bbqFinder/Info.plist;
				LD_RUNPATH_SEARCH_PATHS = "$(inherited) @executable_path/Frameworks";
				LIBRARY_SEARCH_PATHS = (
					"$(inherited)",
					"$(PROJECT_DIR)/Flurry",
				);
				PRODUCT_BUNDLE_IDENTIFIER = com.trickysquirrel.bbqFinder;
				PRODUCT_NAME = "$(TARGET_NAME)";
				SWIFT_OBJC_BRIDGING_HEADER = "bbqFinder/bbqFinder-Bridging-Header.h";
				SWIFT_VERSION = 3.0;
			};
			name = Release;
		};
		30C717001D6C7E9F0085FFBD /* Debug */ = {
			isa = XCBuildConfiguration;
			baseConfigurationReference = 0F175D616D4E694D4E3928BE /* Pods-bbqFinderTests.debug.xcconfig */;
			buildSettings = {
				BUNDLE_LOADER = "$(TEST_HOST)";
				INFOPLIST_FILE = bbqFinderTests/Info.plist;
				LD_RUNPATH_SEARCH_PATHS = "$(inherited) @executable_path/Frameworks @loader_path/Frameworks";
				PRODUCT_BUNDLE_IDENTIFIER = com.trickysquirrel.bbqFinderTests;
				PRODUCT_NAME = "$(TARGET_NAME)";
				SWIFT_VERSION = 3.0;
				TEST_HOST = "$(BUILT_PRODUCTS_DIR)/bbqFinder.app/bbqFinder";
			};
			name = Debug;
		};
		30C717011D6C7E9F0085FFBD /* Release */ = {
			isa = XCBuildConfiguration;
			baseConfigurationReference = 50C16396CC77EAE0C2FCE01E /* Pods-bbqFinderTests.release.xcconfig */;
			buildSettings = {
				BUNDLE_LOADER = "$(TEST_HOST)";
				INFOPLIST_FILE = bbqFinderTests/Info.plist;
				LD_RUNPATH_SEARCH_PATHS = "$(inherited) @executable_path/Frameworks @loader_path/Frameworks";
				PRODUCT_BUNDLE_IDENTIFIER = com.trickysquirrel.bbqFinderTests;
				PRODUCT_NAME = "$(TARGET_NAME)";
				SWIFT_VERSION = 3.0;
				TEST_HOST = "$(BUILT_PRODUCTS_DIR)/bbqFinder.app/bbqFinder";
			};
			name = Release;
		};
/* End XCBuildConfiguration section */

/* Begin XCConfigurationList section */
		30BB30571DC550A80087B2CA /* Build configuration list for PBXNativeTarget "BBQFinderUITests" */ = {
			isa = XCConfigurationList;
			buildConfigurations = (
				30BB30551DC550A80087B2CA /* Debug */,
				30BB30561DC550A80087B2CA /* Release */,
			);
			defaultConfigurationIsVisible = 0;
		};
		30C716DA1D6C7E9E0085FFBD /* Build configuration list for PBXProject "bbqFinder" */ = {
			isa = XCConfigurationList;
			buildConfigurations = (
				30C716FA1D6C7E9F0085FFBD /* Debug */,
				30C716FB1D6C7E9F0085FFBD /* Release */,
			);
			defaultConfigurationIsVisible = 0;
			defaultConfigurationName = Release;
		};
		30C716FC1D6C7E9F0085FFBD /* Build configuration list for PBXNativeTarget "bbqFinder" */ = {
			isa = XCConfigurationList;
			buildConfigurations = (
				30C716FD1D6C7E9F0085FFBD /* Debug */,
				30C716FE1D6C7E9F0085FFBD /* Release */,
			);
			defaultConfigurationIsVisible = 0;
			defaultConfigurationName = Release;
		};
		30C716FF1D6C7E9F0085FFBD /* Build configuration list for PBXNativeTarget "bbqFinderTests" */ = {
			isa = XCConfigurationList;
			buildConfigurations = (
				30C717001D6C7E9F0085FFBD /* Debug */,
				30C717011D6C7E9F0085FFBD /* Release */,
			);
			defaultConfigurationIsVisible = 0;
			defaultConfigurationName = Release;
		};
/* End XCConfigurationList section */
	};
	rootObject = 30C716D71D6C7E9E0085FFBD /* Project object */;
}
